{
  "version": 4,
  "terraform_version": "1.9.8",
  "serial": 450,
  "lineage": "96483fa7-4e95-2033-6830-10cb3bf6d52e",
  "outputs": {},
  "resources": [
    {
      "module": "module.parameters_inclusion",
      "mode": "data",
      "type": "aws_availability_zones",
      "name": "available",
      "provider": "module.parameters_inclusion.provider[\"registry.terraform.io/hashicorp/aws\"]",
      "instances": [
        {
          "schema_version": 0,
          "attributes": {
            "all_availability_zones": null,
            "exclude_names": null,
            "exclude_zone_ids": null,
            "filter": null,
            "group_names": [
              "us-east-1"
            ],
            "id": "us-east-1",
            "names": [
              "us-east-1a",
              "us-east-1b",
              "us-east-1c",
              "us-east-1d",
              "us-east-1e",
              "us-east-1f"
            ],
            "state": null,
            "timeouts": null,
            "zone_ids": [
              "use1-az1",
              "use1-az2",
              "use1-az4",
              "use1-az6",
              "use1-az3",
              "use1-az5"
            ]
          },
          "sensitive_attributes": []
        }
      ]
    },
    {
      "module": "module.parameters_inclusion",
      "mode": "data",
      "type": "aws_security_group",
      "name": "public_sg",
      "provider": "module.parameters_inclusion.provider[\"registry.terraform.io/hashicorp/aws\"]",
      "instances": [
        {
          "schema_version": 0,
          "attributes": {
            "arn": "arn:aws:ec2:us-east-1:337909786260:security-group/sg-04dce8c304fa94998",
            "description": "Managed by Terraform",
            "filter": null,
            "id": "sg-04dce8c304fa94998",
            "name": "terraform-20241113083914511600000002",
            "tags": {
              "Name": "PublicSecurityGroup"
            },
            "timeouts": null,
            "vpc_id": "vpc-0553a2fb590dc1543"
          },
          "sensitive_attributes": []
        }
      ]
    },
    {
      "module": "module.parameters_inclusion",
      "mode": "managed",
      "type": "aws_customer_gateway",
      "name": "example",
      "provider": "module.parameters_inclusion.provider[\"registry.terraform.io/hashicorp/aws\"]",
      "instances": [
        {
          "schema_version": 0,
          "attributes": {
            "arn": "arn:aws:ec2:us-east-1:337909786260:customer-gateway/cgw-04ef9905e742c1fe5",
            "bgp_asn": "65000",
            "bgp_asn_extended": "",
            "certificate_arn": "",
            "device_name": "",
            "id": "cgw-04ef9905e742c1fe5",
            "ip_address": "203.0.113.12",
            "tags": {
              "Name": "CustomerGateway"
            },
            "tags_all": {
              "Name": "CustomerGateway"
            },
            "type": "ipsec.1"
          },
          "sensitive_attributes": [],
          "private": "bnVsbA=="
        }
      ]
    },
    {
      "module": "module.parameters_inclusion",
      "mode": "managed",
      "type": "aws_network_acl",
      "name": "main",
      "provider": "module.parameters_inclusion.provider[\"registry.terraform.io/hashicorp/aws\"]",
      "instances": [
        {
          "schema_version": 0,
          "attributes": {
            "arn": "arn:aws:ec2:us-east-1:337909786260:network-acl/acl-0b1b6e52ef72c3c52",
            "egress": [],
            "id": "acl-0b1b6e52ef72c3c52",
            "ingress": [],
            "owner_id": "337909786260",
            "subnet_ids": [],
            "tags": {
              "Name": "MainNACL"
            },
            "tags_all": {
              "Name": "MainNACL"
            },
            "vpc_id": "vpc-0553a2fb590dc1543"
          },
          "sensitive_attributes": [],
          "private": "bnVsbA==",
          "dependencies": [
            "module.parameters_inclusion.aws_vpc.main"
          ]
        }
      ]
    },
    {
      "module": "module.parameters_inclusion",
      "mode": "managed",
      "type": "aws_network_acl_association",
      "name": "private_subnet_1_association",
      "provider": "module.parameters_inclusion.provider[\"registry.terraform.io/hashicorp/aws\"]",
      "instances": [
        {
          "schema_version": 0,
          "attributes": {
            "id": "aclassoc-049d2047cf24f6af9",
            "network_acl_id": "acl-0b1b6e52ef72c3c52",
            "subnet_id": "subnet-08f14aecc2d9a4b5e"
          },
          "sensitive_attributes": [],
          "private": "bnVsbA==",
          "dependencies": [
            "module.parameters_inclusion.aws_network_acl.main",
            "module.parameters_inclusion.aws_subnet.private_subnet_1",
            "module.parameters_inclusion.aws_vpc.main",
            "module.parameters_inclusion.data.aws_availability_zones.available"
          ]
        }
      ]
    },
    {
      "module": "module.parameters_inclusion",
      "mode": "managed",
      "type": "aws_network_acl_association",
      "name": "private_subnet_2_association",
      "provider": "module.parameters_inclusion.provider[\"registry.terraform.io/hashicorp/aws\"]",
      "instances": [
        {
          "schema_version": 0,
          "attributes": {
            "id": "aclassoc-08ba579c3fd506c9f",
            "network_acl_id": "acl-0b1b6e52ef72c3c52",
            "subnet_id": "subnet-029e97891ef7370fe"
          },
          "sensitive_attributes": [],
          "private": "bnVsbA==",
          "dependencies": [
            "module.parameters_inclusion.aws_network_acl.main",
            "module.parameters_inclusion.aws_subnet.private_subnet_2",
            "module.parameters_inclusion.aws_vpc.main",
            "module.parameters_inclusion.data.aws_availability_zones.available"
          ]
        }
      ]
    },
    {
      "module": "module.parameters_inclusion",
      "mode": "managed",
      "type": "aws_network_acl_association",
      "name": "private_subnet_3_association",
      "provider": "module.parameters_inclusion.provider[\"registry.terraform.io/hashicorp/aws\"]",
      "instances": [
        {
          "schema_version": 0,
          "attributes": {
            "id": "aclassoc-003e1e9be18f75a5f",
            "network_acl_id": "acl-0b1b6e52ef72c3c52",
            "subnet_id": "subnet-0dba7e4161a1267d4"
          },
          "sensitive_attributes": [],
          "private": "bnVsbA==",
          "dependencies": [
            "module.parameters_inclusion.aws_network_acl.main",
            "module.parameters_inclusion.aws_subnet.private_subnet_3",
            "module.parameters_inclusion.aws_vpc.main",
            "module.parameters_inclusion.data.aws_availability_zones.available"
          ]
        }
      ]
    },
    {
      "module": "module.parameters_inclusion",
      "mode": "managed",
      "type": "aws_network_acl_association",
      "name": "public_subnet_association",
      "provider": "module.parameters_inclusion.provider[\"registry.terraform.io/hashicorp/aws\"]",
      "instances": [
        {
          "schema_version": 0,
          "attributes": {
            "id": "aclassoc-0d14e5a4e40ae7482",
            "network_acl_id": "acl-0b1b6e52ef72c3c52",
            "subnet_id": "subnet-08fabcc0f0d8b96aa"
          },
          "sensitive_attributes": [],
          "private": "bnVsbA==",
          "dependencies": [
            "module.parameters_inclusion.aws_network_acl.main",
            "module.parameters_inclusion.aws_subnet.public_subnet",
            "module.parameters_inclusion.aws_vpc.main",
            "module.parameters_inclusion.data.aws_availability_zones.available"
          ]
        }
      ]
    },
    {
      "module": "module.parameters_inclusion",
      "mode": "managed",
      "type": "aws_network_acl_rule",
      "name": "allow_http",
      "provider": "module.parameters_inclusion.provider[\"registry.terraform.io/hashicorp/aws\"]",
      "instances": [
        {
          "schema_version": 0,
          "attributes": {
            "cidr_block": "0.0.0.0/0",
            "egress": false,
            "from_port": 80,
            "icmp_code": null,
            "icmp_type": null,
            "id": "nacl-1586702816",
            "ipv6_cidr_block": "",
            "network_acl_id": "acl-0b1b6e52ef72c3c52",
            "protocol": "6",
            "rule_action": "allow",
            "rule_number": 100,
            "to_port": 80
          },
          "sensitive_attributes": [],
          "private": "bnVsbA==",
          "dependencies": [
            "module.parameters_inclusion.aws_network_acl.main",
            "module.parameters_inclusion.aws_vpc.main"
          ]
        }
      ]
    },
    {
      "module": "module.parameters_inclusion",
      "mode": "managed",
      "type": "aws_network_acl_rule",
      "name": "allow_https",
      "provider": "module.parameters_inclusion.provider[\"registry.terraform.io/hashicorp/aws\"]",
      "instances": [
        {
          "schema_version": 0,
          "attributes": {
            "cidr_block": "0.0.0.0/0",
            "egress": false,
            "from_port": 443,
            "icmp_code": null,
            "icmp_type": null,
            "id": "nacl-3308676495",
            "ipv6_cidr_block": "",
            "network_acl_id": "acl-0b1b6e52ef72c3c52",
            "protocol": "6",
            "rule_action": "allow",
            "rule_number": 101,
            "to_port": 443
          },
          "sensitive_attributes": [],
          "private": "bnVsbA==",
          "dependencies": [
            "module.parameters_inclusion.aws_network_acl.main",
            "module.parameters_inclusion.aws_vpc.main"
          ]
        }
      ]
    },
    {
      "module": "module.parameters_inclusion",
      "mode": "managed",
      "type": "aws_network_acl_rule",
      "name": "allow_outbound",
      "provider": "module.parameters_inclusion.provider[\"registry.terraform.io/hashicorp/aws\"]",
      "instances": [
        {
          "schema_version": 0,
          "attributes": {
            "cidr_block": "0.0.0.0/0",
            "egress": true,
            "from_port": 0,
            "icmp_code": null,
            "icmp_type": null,
            "id": "nacl-3866577166",
            "ipv6_cidr_block": "",
            "network_acl_id": "acl-0b1b6e52ef72c3c52",
            "protocol": "-1",
            "rule_action": "allow",
            "rule_number": 100,
            "to_port": 0
          },
          "sensitive_attributes": [],
          "private": "bnVsbA==",
          "dependencies": [
            "module.parameters_inclusion.aws_network_acl.main",
            "module.parameters_inclusion.aws_vpc.main"
          ]
        }
      ]
    },
    {
      "module": "module.parameters_inclusion",
      "mode": "managed",
      "type": "aws_security_group",
      "name": "private_sg",
      "provider": "module.parameters_inclusion.provider[\"registry.terraform.io/hashicorp/aws\"]",
      "instances": [
        {
          "schema_version": 1,
          "attributes": {
            "arn": "arn:aws:ec2:us-east-1:337909786260:security-group/sg-0cea518f6ceb82e41",
            "description": "Managed by Terraform",
            "egress": [
              {
                "cidr_blocks": [
                  "0.0.0.0/0"
                ],
                "description": "",
                "from_port": 0,
                "ipv6_cidr_blocks": [],
                "prefix_list_ids": [],
                "protocol": "-1",
                "security_groups": [],
                "self": false,
                "to_port": 0
              }
            ],
            "id": "sg-0cea518f6ceb82e41",
            "ingress": [
              {
                "cidr_blocks": [],
                "description": "",
                "from_port": 0,
                "ipv6_cidr_blocks": [],
                "prefix_list_ids": [],
                "protocol": "tcp",
                "security_groups": [
                  "sg-04dce8c304fa94998"
                ],
                "self": false,
                "to_port": 65535
              }
            ],
            "name": "terraform-20241113083919602300000003",
            "name_prefix": "terraform-",
            "owner_id": "337909786260",
            "revoke_rules_on_delete": false,
            "tags": {
              "Name": "PrivateSecurityGroup"
            },
            "tags_all": {
              "Name": "PrivateSecurityGroup"
            },
            "timeouts": null,
            "vpc_id": "vpc-0553a2fb590dc1543"
          },
          "sensitive_attributes": [],
          "private": "eyJlMmJmYjczMC1lY2FhLTExZTYtOGY4OC0zNDM2M2JjN2M0YzAiOnsiY3JlYXRlIjo2MDAwMDAwMDAwMDAsImRlbGV0ZSI6OTAwMDAwMDAwMDAwfSwic2NoZW1hX3ZlcnNpb24iOiIxIn0=",
          "dependencies": [
            "module.parameters_inclusion.aws_security_group.public_sg",
            "module.parameters_inclusion.aws_vpc.main",
            "module.parameters_inclusion.data.aws_security_group.public_sg"
          ]
        }
      ]
    },
    {
      "module": "module.parameters_inclusion",
      "mode": "managed",
      "type": "aws_security_group",
      "name": "public_sg",
      "provider": "module.parameters_inclusion.provider[\"registry.terraform.io/hashicorp/aws\"]",
      "instances": [
        {
          "schema_version": 1,
          "attributes": {
            "arn": "arn:aws:ec2:us-east-1:337909786260:security-group/sg-04dce8c304fa94998",
            "description": "Managed by Terraform",
            "egress": [
              {
                "cidr_blocks": [
                  "0.0.0.0/0"
                ],
                "description": "",
                "from_port": 0,
                "ipv6_cidr_blocks": [],
                "prefix_list_ids": [],
                "protocol": "-1",
                "security_groups": [],
                "self": false,
                "to_port": 0
              }
            ],
            "id": "sg-04dce8c304fa94998",
            "ingress": [
              {
                "cidr_blocks": [
                  "0.0.0.0/0"
                ],
                "description": "",
                "from_port": 443,
                "ipv6_cidr_blocks": [],
                "prefix_list_ids": [],
                "protocol": "tcp",
                "security_groups": [],
                "self": false,
                "to_port": 443
              },
              {
                "cidr_blocks": [
                  "0.0.0.0/0"
                ],
                "description": "",
                "from_port": 80,
                "ipv6_cidr_blocks": [],
                "prefix_list_ids": [],
                "protocol": "tcp",
                "security_groups": [],
                "self": false,
                "to_port": 80
              }
            ],
            "name": "terraform-20241113083914511600000002",
            "name_prefix": "terraform-",
            "owner_id": "337909786260",
            "revoke_rules_on_delete": false,
            "tags": {
              "Name": "PublicSecurityGroup"
            },
            "tags_all": {
              "Name": "PublicSecurityGroup"
            },
            "timeouts": null,
            "vpc_id": "vpc-0553a2fb590dc1543"
          },
          "sensitive_attributes": [],
          "private": "eyJlMmJmYjczMC1lY2FhLTExZTYtOGY4OC0zNDM2M2JjN2M0YzAiOnsiY3JlYXRlIjo2MDAwMDAwMDAwMDAsImRlbGV0ZSI6OTAwMDAwMDAwMDAwfSwic2NoZW1hX3ZlcnNpb24iOiIxIn0=",
          "dependencies": [
            "module.parameters_inclusion.aws_vpc.main"
          ]
        }
      ]
    },
    {
      "module": "module.parameters_inclusion",
      "mode": "managed",
      "type": "aws_subnet",
      "name": "private_subnet_1",
      "provider": "module.parameters_inclusion.provider[\"registry.terraform.io/hashicorp/aws\"]",
      "instances": [
        {
          "schema_version": 1,
          "attributes": {
            "arn": "arn:aws:ec2:us-east-1:337909786260:subnet/subnet-08f14aecc2d9a4b5e",
            "assign_ipv6_address_on_creation": false,
            "availability_zone": "us-east-1b",
            "availability_zone_id": "use1-az2",
            "cidr_block": "10.0.2.0/24",
            "customer_owned_ipv4_pool": "",
            "enable_dns64": false,
            "enable_lni_at_device_index": 0,
            "enable_resource_name_dns_a_record_on_launch": false,
            "enable_resource_name_dns_aaaa_record_on_launch": false,
            "id": "subnet-08f14aecc2d9a4b5e",
            "ipv6_cidr_block": "",
            "ipv6_cidr_block_association_id": "",
            "ipv6_native": false,
            "map_customer_owned_ip_on_launch": false,
            "map_public_ip_on_launch": false,
            "outpost_arn": "",
            "owner_id": "337909786260",
            "private_dns_hostname_type_on_launch": "ip-name",
            "tags": {
              "Name": "PrivateSubnet1"
            },
            "tags_all": {
              "Name": "PrivateSubnet1"
            },
            "timeouts": null,
            "vpc_id": "vpc-0553a2fb590dc1543"
          },
          "sensitive_attributes": [],
          "private": "eyJlMmJmYjczMC1lY2FhLTExZTYtOGY4OC0zNDM2M2JjN2M0YzAiOnsiY3JlYXRlIjo2MDAwMDAwMDAwMDAsImRlbGV0ZSI6MTIwMDAwMDAwMDAwMH0sInNjaGVtYV92ZXJzaW9uIjoiMSJ9",
          "dependencies": [
            "module.parameters_inclusion.aws_vpc.main",
            "module.parameters_inclusion.data.aws_availability_zones.available"
          ]
        }
      ]
    },
    {
      "module": "module.parameters_inclusion",
      "mode": "managed",
      "type": "aws_subnet",
      "name": "private_subnet_2",
      "provider": "module.parameters_inclusion.provider[\"registry.terraform.io/hashicorp/aws\"]",
      "instances": [
        {
          "schema_version": 1,
          "attributes": {
            "arn": "arn:aws:ec2:us-east-1:337909786260:subnet/subnet-029e97891ef7370fe",
            "assign_ipv6_address_on_creation": false,
            "availability_zone": "us-east-1b",
            "availability_zone_id": "use1-az2",
            "cidr_block": "10.0.3.0/24",
            "customer_owned_ipv4_pool": "",
            "enable_dns64": false,
            "enable_lni_at_device_index": 0,
            "enable_resource_name_dns_a_record_on_launch": false,
            "enable_resource_name_dns_aaaa_record_on_launch": false,
            "id": "subnet-029e97891ef7370fe",
            "ipv6_cidr_block": "",
            "ipv6_cidr_block_association_id": "",
            "ipv6_native": false,
            "map_customer_owned_ip_on_launch": false,
            "map_public_ip_on_launch": false,
            "outpost_arn": "",
            "owner_id": "337909786260",
            "private_dns_hostname_type_on_launch": "ip-name",
            "tags": {
              "Name": "PrivateSubnet2"
            },
            "tags_all": {
              "Name": "PrivateSubnet2"
            },
            "timeouts": null,
            "vpc_id": "vpc-0553a2fb590dc1543"
          },
          "sensitive_attributes": [],
          "private": "eyJlMmJmYjczMC1lY2FhLTExZTYtOGY4OC0zNDM2M2JjN2M0YzAiOnsiY3JlYXRlIjo2MDAwMDAwMDAwMDAsImRlbGV0ZSI6MTIwMDAwMDAwMDAwMH0sInNjaGVtYV92ZXJzaW9uIjoiMSJ9",
          "dependencies": [
            "module.parameters_inclusion.aws_vpc.main",
            "module.parameters_inclusion.data.aws_availability_zones.available"
          ]
        }
      ]
    },
    {
      "module": "module.parameters_inclusion",
      "mode": "managed",
      "type": "aws_subnet",
      "name": "private_subnet_3",
      "provider": "module.parameters_inclusion.provider[\"registry.terraform.io/hashicorp/aws\"]",
      "instances": [
        {
          "schema_version": 1,
          "attributes": {
            "arn": "arn:aws:ec2:us-east-1:337909786260:subnet/subnet-0dba7e4161a1267d4",
            "assign_ipv6_address_on_creation": false,
            "availability_zone": "us-east-1b",
            "availability_zone_id": "use1-az2",
            "cidr_block": "10.0.4.0/24",
            "customer_owned_ipv4_pool": "",
            "enable_dns64": false,
            "enable_lni_at_device_index": 0,
            "enable_resource_name_dns_a_record_on_launch": false,
            "enable_resource_name_dns_aaaa_record_on_launch": false,
            "id": "subnet-0dba7e4161a1267d4",
            "ipv6_cidr_block": "",
            "ipv6_cidr_block_association_id": "",
            "ipv6_native": false,
            "map_customer_owned_ip_on_launch": false,
            "map_public_ip_on_launch": false,
            "outpost_arn": "",
            "owner_id": "337909786260",
            "private_dns_hostname_type_on_launch": "ip-name",
            "tags": {
              "Name": "PrivateSubnet3"
            },
            "tags_all": {
              "Name": "PrivateSubnet3"
            },
            "timeouts": null,
            "vpc_id": "vpc-0553a2fb590dc1543"
          },
          "sensitive_attributes": [],
          "private": "eyJlMmJmYjczMC1lY2FhLTExZTYtOGY4OC0zNDM2M2JjN2M0YzAiOnsiY3JlYXRlIjo2MDAwMDAwMDAwMDAsImRlbGV0ZSI6MTIwMDAwMDAwMDAwMH0sInNjaGVtYV92ZXJzaW9uIjoiMSJ9",
          "dependencies": [
            "module.parameters_inclusion.aws_vpc.main",
            "module.parameters_inclusion.data.aws_availability_zones.available"
          ]
        }
      ]
    },
    {
      "module": "module.parameters_inclusion",
      "mode": "managed",
      "type": "aws_subnet",
      "name": "public_subnet",
      "provider": "module.parameters_inclusion.provider[\"registry.terraform.io/hashicorp/aws\"]",
      "instances": [
        {
          "schema_version": 1,
          "attributes": {
            "arn": "arn:aws:ec2:us-east-1:337909786260:subnet/subnet-08fabcc0f0d8b96aa",
            "assign_ipv6_address_on_creation": false,
            "availability_zone": "us-east-1b",
            "availability_zone_id": "use1-az2",
            "cidr_block": "10.0.1.0/24",
            "customer_owned_ipv4_pool": "",
            "enable_dns64": false,
            "enable_lni_at_device_index": 0,
            "enable_resource_name_dns_a_record_on_launch": false,
            "enable_resource_name_dns_aaaa_record_on_launch": false,
            "id": "subnet-08fabcc0f0d8b96aa",
            "ipv6_cidr_block": "",
            "ipv6_cidr_block_association_id": "",
            "ipv6_native": false,
            "map_customer_owned_ip_on_launch": false,
            "map_public_ip_on_launch": true,
            "outpost_arn": "",
            "owner_id": "337909786260",
            "private_dns_hostname_type_on_launch": "ip-name",
            "tags": {
              "Name": "PublicSubnet"
            },
            "tags_all": {
              "Name": "PublicSubnet"
            },
            "timeouts": null,
            "vpc_id": "vpc-0553a2fb590dc1543"
          },
          "sensitive_attributes": [],
          "private": "eyJlMmJmYjczMC1lY2FhLTExZTYtOGY4OC0zNDM2M2JjN2M0YzAiOnsiY3JlYXRlIjo2MDAwMDAwMDAwMDAsImRlbGV0ZSI6MTIwMDAwMDAwMDAwMH0sInNjaGVtYV92ZXJzaW9uIjoiMSJ9",
          "dependencies": [
            "module.parameters_inclusion.aws_vpc.main",
            "module.parameters_inclusion.data.aws_availability_zones.available"
          ]
        }
      ]
    },
    {
      "module": "module.parameters_inclusion",
      "mode": "managed",
      "type": "aws_vpc",
      "name": "main",
      "provider": "module.parameters_inclusion.provider[\"registry.terraform.io/hashicorp/aws\"]",
      "instances": [
        {
          "schema_version": 1,
          "attributes": {
            "arn": "arn:aws:ec2:us-east-1:337909786260:vpc/vpc-0553a2fb590dc1543",
            "assign_generated_ipv6_cidr_block": false,
            "cidr_block": "10.0.0.0/16",
            "default_network_acl_id": "acl-0c551293181a2775d",
            "default_route_table_id": "rtb-011d8e683518ae50c",
            "default_security_group_id": "sg-04192464613cb5227",
            "dhcp_options_id": "dopt-0bab13963592241a7",
            "enable_dns_hostnames": false,
            "enable_dns_support": true,
            "enable_network_address_usage_metrics": false,
            "id": "vpc-0553a2fb590dc1543",
            "instance_tenancy": "default",
            "ipv4_ipam_pool_id": null,
            "ipv4_netmask_length": null,
            "ipv6_association_id": "",
            "ipv6_cidr_block": "",
            "ipv6_cidr_block_network_border_group": "",
            "ipv6_ipam_pool_id": "",
            "ipv6_netmask_length": 0,
            "main_route_table_id": "rtb-011d8e683518ae50c",
            "owner_id": "337909786260",
            "tags": {
              "Name": "MainVPC"
            },
            "tags_all": {
              "Name": "MainVPC"
            }
          },
          "sensitive_attributes": [],
          "private": "eyJzY2hlbWFfdmVyc2lvbiI6IjEifQ=="
        }
      ]
    },
    {
      "module": "module.parameters_inclusion",
      "mode": "managed",
      "type": "aws_vpn_connection",
      "name": "example",
      "provider": "module.parameters_inclusion.provider[\"registry.terraform.io/hashicorp/aws\"]",
      "instances": [
        {
          "schema_version": 0,
          "attributes": {
            "arn": "arn:aws:ec2:us-east-1:337909786260:vpn-connection/vpn-07b8fa6b175128ba6",
            "core_network_arn": "",
            "core_network_attachment_arn": "",
            "customer_gateway_configuration": "\u003c?xml version=\"1.0\" encoding=\"UTF-8\"?\u003e\n\u003cvpn_connection id=\"vpn-07b8fa6b175128ba6\"\u003e\n  \u003ccustomer_gateway_id\u003ecgw-04ef9905e742c1fe5\u003c/customer_gateway_id\u003e\n  \u003cvpn_gateway_id\u003evgw-043c29ea7d27b7290\u003c/vpn_gateway_id\u003e\n  \u003cvpn_connection_type\u003eipsec.1\u003c/vpn_connection_type\u003e\n  \u003cipsec_tunnel\u003e\n    \u003ccustomer_gateway\u003e\n      \u003ctunnel_outside_address\u003e\n        \u003cip_address\u003e203.0.113.12\u003c/ip_address\u003e\n      \u003c/tunnel_outside_address\u003e\n      \u003ctunnel_inside_address\u003e\n        \u003cip_address\u003e169.254.248.54\u003c/ip_address\u003e\n        \u003cnetwork_mask\u003e255.255.255.252\u003c/network_mask\u003e\n        \u003cnetwork_cidr\u003e30\u003c/network_cidr\u003e\n      \u003c/tunnel_inside_address\u003e\n      \u003cbgp\u003e\n        \u003casn\u003e65000\u003c/asn\u003e\n        \u003chold_time\u003e30\u003c/hold_time\u003e\n      \u003c/bgp\u003e\n    \u003c/customer_gateway\u003e\n    \u003cvpn_gateway\u003e\n      \u003ctunnel_outside_address\u003e\n        \u003cip_address\u003e52.22.135.71\u003c/ip_address\u003e\n      \u003c/tunnel_outside_address\u003e\n      \u003ctunnel_inside_address\u003e\n        \u003cip_address\u003e169.254.248.53\u003c/ip_address\u003e\n        \u003cnetwork_mask\u003e255.255.255.252\u003c/network_mask\u003e\n        \u003cnetwork_cidr\u003e30\u003c/network_cidr\u003e\n      \u003c/tunnel_inside_address\u003e\n      \u003cbgp\u003e\n        \u003casn\u003e64512\u003c/asn\u003e\n        \u003chold_time\u003e30\u003c/hold_time\u003e\n      \u003c/bgp\u003e\n    \u003c/vpn_gateway\u003e\n    \u003cike\u003e\n      \u003cauthentication_protocol\u003esha1\u003c/authentication_protocol\u003e\n      \u003cencryption_protocol\u003eaes-128-cbc\u003c/encryption_protocol\u003e\n      \u003clifetime\u003e28800\u003c/lifetime\u003e\n      \u003cperfect_forward_secrecy\u003egroup2\u003c/perfect_forward_secrecy\u003e\n      \u003cmode\u003emain\u003c/mode\u003e\n      \u003cpre_shared_key\u003e_Ftj1.UvDprfveakOp_POoCUWc8Y8pBd\u003c/pre_shared_key\u003e\n    \u003c/ike\u003e\n    \u003cipsec\u003e\n      \u003cprotocol\u003eesp\u003c/protocol\u003e\n      \u003cauthentication_protocol\u003ehmac-sha1-96\u003c/authentication_protocol\u003e\n      \u003cencryption_protocol\u003eaes-128-cbc\u003c/encryption_protocol\u003e\n      \u003clifetime\u003e3600\u003c/lifetime\u003e\n      \u003cperfect_forward_secrecy\u003egroup2\u003c/perfect_forward_secrecy\u003e\n      \u003cmode\u003etunnel\u003c/mode\u003e\n      \u003cclear_df_bit\u003etrue\u003c/clear_df_bit\u003e\n      \u003cfragmentation_before_encryption\u003etrue\u003c/fragmentation_before_encryption\u003e\n      \u003ctcp_mss_adjustment\u003e1379\u003c/tcp_mss_adjustment\u003e\n      \u003cdead_peer_detection\u003e\n        \u003cinterval\u003e10\u003c/interval\u003e\n        \u003cretries\u003e3\u003c/retries\u003e\n      \u003c/dead_peer_detection\u003e\n    \u003c/ipsec\u003e\n  \u003c/ipsec_tunnel\u003e\n  \u003cipsec_tunnel\u003e\n    \u003ccustomer_gateway\u003e\n      \u003ctunnel_outside_address\u003e\n        \u003cip_address\u003e203.0.113.12\u003c/ip_address\u003e\n      \u003c/tunnel_outside_address\u003e\n      \u003ctunnel_inside_address\u003e\n        \u003cip_address\u003e169.254.226.238\u003c/ip_address\u003e\n        \u003cnetwork_mask\u003e255.255.255.252\u003c/network_mask\u003e\n        \u003cnetwork_cidr\u003e30\u003c/network_cidr\u003e\n      \u003c/tunnel_inside_address\u003e\n      \u003cbgp\u003e\n        \u003casn\u003e65000\u003c/asn\u003e\n        \u003chold_time\u003e30\u003c/hold_time\u003e\n      \u003c/bgp\u003e\n    \u003c/customer_gateway\u003e\n    \u003cvpn_gateway\u003e\n      \u003ctunnel_outside_address\u003e\n        \u003cip_address\u003e54.243.77.171\u003c/ip_address\u003e\n      \u003c/tunnel_outside_address\u003e\n      \u003ctunnel_inside_address\u003e\n        \u003cip_address\u003e169.254.226.237\u003c/ip_address\u003e\n        \u003cnetwork_mask\u003e255.255.255.252\u003c/network_mask\u003e\n        \u003cnetwork_cidr\u003e30\u003c/network_cidr\u003e\n      \u003c/tunnel_inside_address\u003e\n      \u003cbgp\u003e\n        \u003casn\u003e64512\u003c/asn\u003e\n        \u003chold_time\u003e30\u003c/hold_time\u003e\n      \u003c/bgp\u003e\n    \u003c/vpn_gateway\u003e\n    \u003cike\u003e\n      \u003cauthentication_protocol\u003esha1\u003c/authentication_protocol\u003e\n      \u003cencryption_protocol\u003eaes-128-cbc\u003c/encryption_protocol\u003e\n      \u003clifetime\u003e28800\u003c/lifetime\u003e\n      \u003cperfect_forward_secrecy\u003egroup2\u003c/perfect_forward_secrecy\u003e\n      \u003cmode\u003emain\u003c/mode\u003e\n      \u003cpre_shared_key\u003eZj8C9GaEJdWy0NZGJdZQ395XdoDd12Ie\u003c/pre_shared_key\u003e\n    \u003c/ike\u003e\n    \u003cipsec\u003e\n      \u003cprotocol\u003eesp\u003c/protocol\u003e\n      \u003cauthentication_protocol\u003ehmac-sha1-96\u003c/authentication_protocol\u003e\n      \u003cencryption_protocol\u003eaes-128-cbc\u003c/encryption_protocol\u003e\n      \u003clifetime\u003e3600\u003c/lifetime\u003e\n      \u003cperfect_forward_secrecy\u003egroup2\u003c/perfect_forward_secrecy\u003e\n      \u003cmode\u003etunnel\u003c/mode\u003e\n      \u003cclear_df_bit\u003etrue\u003c/clear_df_bit\u003e\n      \u003cfragmentation_before_encryption\u003etrue\u003c/fragmentation_before_encryption\u003e\n      \u003ctcp_mss_adjustment\u003e1379\u003c/tcp_mss_adjustment\u003e\n      \u003cdead_peer_detection\u003e\n        \u003cinterval\u003e10\u003c/interval\u003e\n        \u003cretries\u003e3\u003c/retries\u003e\n      \u003c/dead_peer_detection\u003e\n    \u003c/ipsec\u003e\n  \u003c/ipsec_tunnel\u003e\n\u003c/vpn_connection\u003e\n",
            "customer_gateway_id": "cgw-04ef9905e742c1fe5",
            "enable_acceleration": false,
            "id": "vpn-07b8fa6b175128ba6",
            "local_ipv4_network_cidr": "0.0.0.0/0",
            "local_ipv6_network_cidr": "",
            "outside_ip_address_type": "PublicIpv4",
            "remote_ipv4_network_cidr": "0.0.0.0/0",
            "remote_ipv6_network_cidr": "",
            "routes": [],
            "static_routes_only": false,
            "tags": {
              "Name": "VPNConnection"
            },
            "tags_all": {
              "Name": "VPNConnection"
            },
            "transit_gateway_attachment_id": "",
            "transit_gateway_id": "",
            "transport_transit_gateway_attachment_id": "",
            "tunnel1_address": "52.22.135.71",
            "tunnel1_bgp_asn": "64512",
            "tunnel1_bgp_holdtime": 30,
            "tunnel1_cgw_inside_address": "169.254.248.54",
            "tunnel1_dpd_timeout_action": "",
            "tunnel1_dpd_timeout_seconds": 0,
            "tunnel1_enable_tunnel_lifecycle_control": false,
            "tunnel1_ike_versions": null,
            "tunnel1_inside_cidr": "169.254.248.52/30",
            "tunnel1_inside_ipv6_cidr": "",
            "tunnel1_log_options": [
              {
                "cloudwatch_log_options": [
                  {
                    "log_enabled": false,
                    "log_group_arn": "",
                    "log_output_format": ""
                  }
                ]
              }
            ],
            "tunnel1_phase1_dh_group_numbers": null,
            "tunnel1_phase1_encryption_algorithms": null,
            "tunnel1_phase1_integrity_algorithms": null,
            "tunnel1_phase1_lifetime_seconds": 0,
            "tunnel1_phase2_dh_group_numbers": null,
            "tunnel1_phase2_encryption_algorithms": null,
            "tunnel1_phase2_integrity_algorithms": null,
            "tunnel1_phase2_lifetime_seconds": 0,
            "tunnel1_preshared_key": "_Ftj1.UvDprfveakOp_POoCUWc8Y8pBd",
            "tunnel1_rekey_fuzz_percentage": 0,
            "tunnel1_rekey_margin_time_seconds": 0,
            "tunnel1_replay_window_size": 0,
            "tunnel1_startup_action": "",
            "tunnel1_vgw_inside_address": "169.254.248.53",
            "tunnel2_address": "54.243.77.171",
            "tunnel2_bgp_asn": "64512",
            "tunnel2_bgp_holdtime": 30,
            "tunnel2_cgw_inside_address": "169.254.226.238",
            "tunnel2_dpd_timeout_action": "",
            "tunnel2_dpd_timeout_seconds": 0,
            "tunnel2_enable_tunnel_lifecycle_control": false,
            "tunnel2_ike_versions": null,
            "tunnel2_inside_cidr": "169.254.226.236/30",
            "tunnel2_inside_ipv6_cidr": "",
            "tunnel2_log_options": [
              {
                "cloudwatch_log_options": [
                  {
                    "log_enabled": false,
                    "log_group_arn": "",
                    "log_output_format": ""
                  }
                ]
              }
            ],
            "tunnel2_phase1_dh_group_numbers": null,
            "tunnel2_phase1_encryption_algorithms": null,
            "tunnel2_phase1_integrity_algorithms": null,
            "tunnel2_phase1_lifetime_seconds": 0,
            "tunnel2_phase2_dh_group_numbers": null,
            "tunnel2_phase2_encryption_algorithms": null,
            "tunnel2_phase2_integrity_algorithms": null,
            "tunnel2_phase2_lifetime_seconds": 0,
            "tunnel2_preshared_key": "Zj8C9GaEJdWy0NZGJdZQ395XdoDd12Ie",
            "tunnel2_rekey_fuzz_percentage": 0,
            "tunnel2_rekey_margin_time_seconds": 0,
            "tunnel2_replay_window_size": 0,
            "tunnel2_startup_action": "",
            "tunnel2_vgw_inside_address": "169.254.226.237",
            "tunnel_inside_ip_version": "ipv4",
            "type": "ipsec.1",
            "vgw_telemetry": [
              {
                "accepted_route_count": 0,
                "certificate_arn": "",
                "last_status_change": "2024-11-13T08:43:01Z",
                "outside_ip_address": "54.243.77.171",
                "status": "DOWN",
                "status_message": "IPSEC IS DOWN"
              },
              {
                "accepted_route_count": 0,
                "certificate_arn": "",
                "last_status_change": "2024-11-13T08:43:32Z",
                "outside_ip_address": "52.22.135.71",
                "status": "DOWN",
                "status_message": "IPSEC IS DOWN"
              }
            ],
            "vpn_gateway_id": "vgw-043c29ea7d27b7290"
          },
          "sensitive_attributes": [
            [
              {
                "type": "get_attr",
                "value": "tunnel2_preshared_key"
              }
            ],
            [
              {
                "type": "get_attr",
                "value": "tunnel1_preshared_key"
              }
            ],
            [
              {
                "type": "get_attr",
                "value": "customer_gateway_configuration"
              }
            ]
          ],
          "private": "bnVsbA==",
          "dependencies": [
            "module.parameters_inclusion.aws_customer_gateway.example",
            "module.parameters_inclusion.aws_vpc.main",
            "module.parameters_inclusion.aws_vpn_gateway.vpn"
          ]
        }
      ]
    },
    {
      "module": "module.parameters_inclusion",
      "mode": "managed",
      "type": "aws_vpn_gateway",
      "name": "vpn",
      "provider": "module.parameters_inclusion.provider[\"registry.terraform.io/hashicorp/aws\"]",
      "instances": [
        {
          "schema_version": 0,
          "attributes": {
            "amazon_side_asn": "64512",
            "arn": "arn:aws:ec2:us-east-1:337909786260:vpn-gateway/vgw-043c29ea7d27b7290",
            "availability_zone": null,
            "id": "vgw-043c29ea7d27b7290",
            "tags": {
              "Name": "MainVPNGateway"
            },
            "tags_all": {
              "Name": "MainVPNGateway"
            },
            "vpc_id": "vpc-0553a2fb590dc1543"
          },
          "sensitive_attributes": [],
          "private": "bnVsbA==",
          "dependencies": [
            "module.parameters_inclusion.aws_vpc.main"
          ]
        }
      ]
    }
  ],
  "check_results": null
}
