{
  "version": 4,
  "terraform_version": "1.9.8",
  "serial": 2246,
  "lineage": "96483fa7-4e95-2033-6830-10cb3bf6d52e",
  "outputs": {
    "availability_zones": {
      "value": [
        "us-east-1a",
        "us-east-1b",
        "us-east-1c",
        "us-east-1d",
        "us-east-1e",
        "us-east-1f"
      ],
      "type": [
        "list",
        "string"
      ]
    },
    "customer_gateway_id": {
      "value": "cgw-00ab5d10e6ad86269",
      "type": "string"
    },
    "private_nacl_ids": {
      "value": [
        "acl-0f4e6867d1564ce25",
        "acl-023efbf067b25421d",
        "acl-0e5562e840e92ed2f",
        "acl-09aa883551fba8d85",
        "acl-0c5253f9bc6ffe71e",
        "acl-0b7bdb65daa5c359c",
        "acl-0fee87744a35ce18e",
        "acl-05e3b6c95aed9efb6",
        "acl-0984b189befc347db"
      ],
      "type": [
        "tuple",
        [
          "string",
          "string",
          "string",
          "string",
          "string",
          "string",
          "string",
          "string",
          "string"
        ]
      ]
    },
    "private_sg_ids": {
      "value": "sg-0c0af470531d7f8dd",
      "type": "string"
    },
    "private_subnet_ids": {
      "value": [
        "subnet-0a0cef6f365b85877",
        "subnet-0015502c81417cd89",
        "subnet-0c49c59409e2d8137",
        "subnet-068423f1207bac865",
        "subnet-075304565469a9f89",
        "subnet-0cd214252f9dec8fe",
        "subnet-049a27c3981eddecc",
        "subnet-048a09467b0898f30",
        "subnet-09db92a0d7f7916b2"
      ],
      "type": [
        "tuple",
        [
          "string",
          "string",
          "string",
          "string",
          "string",
          "string",
          "string",
          "string",
          "string"
        ]
      ]
    },
    "public_nacl_ids": {
      "value": [
        "acl-0b55f9cf83063aed8",
        "acl-0d97bdf8944981a0d",
        "acl-0cfc0ca690b29c8e5"
      ],
      "type": [
        "tuple",
        [
          "string",
          "string",
          "string"
        ]
      ]
    },
    "public_sg_ids": {
      "value": "sg-0b208c3ff05bfb86e",
      "type": "string"
    },
    "public_subnet_ids": {
      "value": [
        "subnet-02615cf4b62ad101a",
        "subnet-0d6cc221bab7a5343",
        "subnet-09f9cacee2bece732"
      ],
      "type": [
        "tuple",
        [
          "string",
          "string",
          "string"
        ]
      ]
    },
    "vpc_id": {
      "value": "vpc-0555192a11f88639b",
      "type": "string"
    },
    "vpn_connection_id": {
      "value": "vpn-0d0aeb74d1a1d5a0f",
      "type": "string"
    },
    "vpn_gateway_id": {
      "value": "vgw-0a18f1794837d7409",
      "type": "string"
    }
  },
  "resources": [
    {
      "module": "module.parameters_inclusion",
      "mode": "data",
      "type": "aws_availability_zones",
      "name": "available",
      "provider": "module.parameters_inclusion.provider[\"registry.terraform.io/hashicorp/aws\"]",
      "instances": [
        {
          "schema_version": 0,
          "attributes": {
            "all_availability_zones": null,
            "exclude_names": null,
            "exclude_zone_ids": null,
            "filter": null,
            "group_names": [
              "us-east-1"
            ],
            "id": "us-east-1",
            "names": [
              "us-east-1a",
              "us-east-1b",
              "us-east-1c",
              "us-east-1d",
              "us-east-1e",
              "us-east-1f"
            ],
            "state": null,
            "timeouts": null,
            "zone_ids": [
              "use1-az1",
              "use1-az2",
              "use1-az4",
              "use1-az6",
              "use1-az3",
              "use1-az5"
            ]
          },
          "sensitive_attributes": []
        }
      ]
    },
    {
      "module": "module.parameters_inclusion",
      "mode": "managed",
      "type": "aws_customer_gateway",
      "name": "example",
      "provider": "module.parameters_inclusion.provider[\"registry.terraform.io/hashicorp/aws\"]",
      "instances": [
        {
          "schema_version": 0,
          "attributes": {
            "arn": "arn:aws:ec2:us-east-1:337909786260:customer-gateway/cgw-00ab5d10e6ad86269",
            "bgp_asn": "65000",
            "bgp_asn_extended": "",
            "certificate_arn": "",
            "device_name": "",
            "id": "cgw-00ab5d10e6ad86269",
            "ip_address": "203.0.113.12",
            "tags": {
              "Name": "CustomerGateway"
            },
            "tags_all": {
              "Name": "CustomerGateway"
            },
            "type": "ipsec.1"
          },
          "sensitive_attributes": [],
          "private": "bnVsbA=="
        }
      ]
    },
    {
      "module": "module.parameters_inclusion",
      "mode": "managed",
      "type": "aws_network_acl",
      "name": "private_nacl",
      "provider": "module.parameters_inclusion.provider[\"registry.terraform.io/hashicorp/aws\"]",
      "instances": [
        {
          "index_key": 0,
          "schema_version": 0,
          "attributes": {
            "arn": "arn:aws:ec2:us-east-1:337909786260:network-acl/acl-0f4e6867d1564ce25",
            "egress": [],
            "id": "acl-0f4e6867d1564ce25",
            "ingress": [],
            "owner_id": "337909786260",
            "subnet_ids": [],
            "tags": {
              "Name": "PrivateNACL-AZ1-Subnet1"
            },
            "tags_all": {
              "Name": "PrivateNACL-AZ1-Subnet1"
            },
            "vpc_id": "vpc-0555192a11f88639b"
          },
          "sensitive_attributes": [],
          "private": "bnVsbA==",
          "dependencies": [
            "module.parameters_inclusion.aws_vpc.main"
          ]
        },
        {
          "index_key": 1,
          "schema_version": 0,
          "attributes": {
            "arn": "arn:aws:ec2:us-east-1:337909786260:network-acl/acl-023efbf067b25421d",
            "egress": [],
            "id": "acl-023efbf067b25421d",
            "ingress": [],
            "owner_id": "337909786260",
            "subnet_ids": [],
            "tags": {
              "Name": "PrivateNACL-AZ1-Subnet2"
            },
            "tags_all": {
              "Name": "PrivateNACL-AZ1-Subnet2"
            },
            "vpc_id": "vpc-0555192a11f88639b"
          },
          "sensitive_attributes": [],
          "private": "bnVsbA==",
          "dependencies": [
            "module.parameters_inclusion.aws_vpc.main"
          ]
        },
        {
          "index_key": 2,
          "schema_version": 0,
          "attributes": {
            "arn": "arn:aws:ec2:us-east-1:337909786260:network-acl/acl-0e5562e840e92ed2f",
            "egress": [],
            "id": "acl-0e5562e840e92ed2f",
            "ingress": [],
            "owner_id": "337909786260",
            "subnet_ids": [],
            "tags": {
              "Name": "PrivateNACL-AZ1-Subnet3"
            },
            "tags_all": {
              "Name": "PrivateNACL-AZ1-Subnet3"
            },
            "vpc_id": "vpc-0555192a11f88639b"
          },
          "sensitive_attributes": [],
          "private": "bnVsbA==",
          "dependencies": [
            "module.parameters_inclusion.aws_vpc.main"
          ]
        },
        {
          "index_key": 3,
          "schema_version": 0,
          "attributes": {
            "arn": "arn:aws:ec2:us-east-1:337909786260:network-acl/acl-09aa883551fba8d85",
            "egress": [],
            "id": "acl-09aa883551fba8d85",
            "ingress": [],
            "owner_id": "337909786260",
            "subnet_ids": [],
            "tags": {
              "Name": "PrivateNACL-AZ2-Subnet1"
            },
            "tags_all": {
              "Name": "PrivateNACL-AZ2-Subnet1"
            },
            "vpc_id": "vpc-0555192a11f88639b"
          },
          "sensitive_attributes": [],
          "private": "bnVsbA==",
          "dependencies": [
            "module.parameters_inclusion.aws_vpc.main"
          ]
        },
        {
          "index_key": 4,
          "schema_version": 0,
          "attributes": {
            "arn": "arn:aws:ec2:us-east-1:337909786260:network-acl/acl-0c5253f9bc6ffe71e",
            "egress": [],
            "id": "acl-0c5253f9bc6ffe71e",
            "ingress": [],
            "owner_id": "337909786260",
            "subnet_ids": [],
            "tags": {
              "Name": "PrivateNACL-AZ2-Subnet2"
            },
            "tags_all": {
              "Name": "PrivateNACL-AZ2-Subnet2"
            },
            "vpc_id": "vpc-0555192a11f88639b"
          },
          "sensitive_attributes": [],
          "private": "bnVsbA==",
          "dependencies": [
            "module.parameters_inclusion.aws_vpc.main"
          ]
        },
        {
          "index_key": 5,
          "schema_version": 0,
          "attributes": {
            "arn": "arn:aws:ec2:us-east-1:337909786260:network-acl/acl-0b7bdb65daa5c359c",
            "egress": [],
            "id": "acl-0b7bdb65daa5c359c",
            "ingress": [],
            "owner_id": "337909786260",
            "subnet_ids": [],
            "tags": {
              "Name": "PrivateNACL-AZ2-Subnet3"
            },
            "tags_all": {
              "Name": "PrivateNACL-AZ2-Subnet3"
            },
            "vpc_id": "vpc-0555192a11f88639b"
          },
          "sensitive_attributes": [],
          "private": "bnVsbA==",
          "dependencies": [
            "module.parameters_inclusion.aws_vpc.main"
          ]
        },
        {
          "index_key": 6,
          "schema_version": 0,
          "attributes": {
            "arn": "arn:aws:ec2:us-east-1:337909786260:network-acl/acl-0fee87744a35ce18e",
            "egress": [],
            "id": "acl-0fee87744a35ce18e",
            "ingress": [],
            "owner_id": "337909786260",
            "subnet_ids": [],
            "tags": {
              "Name": "PrivateNACL-AZ3-Subnet1"
            },
            "tags_all": {
              "Name": "PrivateNACL-AZ3-Subnet1"
            },
            "vpc_id": "vpc-0555192a11f88639b"
          },
          "sensitive_attributes": [],
          "private": "bnVsbA==",
          "dependencies": [
            "module.parameters_inclusion.aws_vpc.main"
          ]
        },
        {
          "index_key": 7,
          "schema_version": 0,
          "attributes": {
            "arn": "arn:aws:ec2:us-east-1:337909786260:network-acl/acl-05e3b6c95aed9efb6",
            "egress": [],
            "id": "acl-05e3b6c95aed9efb6",
            "ingress": [],
            "owner_id": "337909786260",
            "subnet_ids": [],
            "tags": {
              "Name": "PrivateNACL-AZ3-Subnet2"
            },
            "tags_all": {
              "Name": "PrivateNACL-AZ3-Subnet2"
            },
            "vpc_id": "vpc-0555192a11f88639b"
          },
          "sensitive_attributes": [],
          "private": "bnVsbA==",
          "dependencies": [
            "module.parameters_inclusion.aws_vpc.main"
          ]
        },
        {
          "index_key": 8,
          "schema_version": 0,
          "attributes": {
            "arn": "arn:aws:ec2:us-east-1:337909786260:network-acl/acl-0984b189befc347db",
            "egress": [],
            "id": "acl-0984b189befc347db",
            "ingress": [],
            "owner_id": "337909786260",
            "subnet_ids": [],
            "tags": {
              "Name": "PrivateNACL-AZ3-Subnet3"
            },
            "tags_all": {
              "Name": "PrivateNACL-AZ3-Subnet3"
            },
            "vpc_id": "vpc-0555192a11f88639b"
          },
          "sensitive_attributes": [],
          "private": "bnVsbA==",
          "dependencies": [
            "module.parameters_inclusion.aws_vpc.main"
          ]
        }
      ]
    },
    {
      "module": "module.parameters_inclusion",
      "mode": "managed",
      "type": "aws_network_acl",
      "name": "public_nacl",
      "provider": "module.parameters_inclusion.provider[\"registry.terraform.io/hashicorp/aws\"]",
      "instances": [
        {
          "index_key": 0,
          "schema_version": 0,
          "attributes": {
            "arn": "arn:aws:ec2:us-east-1:337909786260:network-acl/acl-0b55f9cf83063aed8",
            "egress": [],
            "id": "acl-0b55f9cf83063aed8",
            "ingress": [],
            "owner_id": "337909786260",
            "subnet_ids": [],
            "tags": {
              "Name": "PublicNACL-AZ1"
            },
            "tags_all": {
              "Name": "PublicNACL-AZ1"
            },
            "vpc_id": "vpc-0555192a11f88639b"
          },
          "sensitive_attributes": [],
          "private": "bnVsbA==",
          "dependencies": [
            "module.parameters_inclusion.aws_vpc.main"
          ]
        },
        {
          "index_key": 1,
          "schema_version": 0,
          "attributes": {
            "arn": "arn:aws:ec2:us-east-1:337909786260:network-acl/acl-0d97bdf8944981a0d",
            "egress": [],
            "id": "acl-0d97bdf8944981a0d",
            "ingress": [],
            "owner_id": "337909786260",
            "subnet_ids": [],
            "tags": {
              "Name": "PublicNACL-AZ2"
            },
            "tags_all": {
              "Name": "PublicNACL-AZ2"
            },
            "vpc_id": "vpc-0555192a11f88639b"
          },
          "sensitive_attributes": [],
          "private": "bnVsbA==",
          "dependencies": [
            "module.parameters_inclusion.aws_vpc.main"
          ]
        },
        {
          "index_key": 2,
          "schema_version": 0,
          "attributes": {
            "arn": "arn:aws:ec2:us-east-1:337909786260:network-acl/acl-0cfc0ca690b29c8e5",
            "egress": [],
            "id": "acl-0cfc0ca690b29c8e5",
            "ingress": [],
            "owner_id": "337909786260",
            "subnet_ids": [],
            "tags": {
              "Name": "PublicNACL-AZ3"
            },
            "tags_all": {
              "Name": "PublicNACL-AZ3"
            },
            "vpc_id": "vpc-0555192a11f88639b"
          },
          "sensitive_attributes": [],
          "private": "bnVsbA==",
          "dependencies": [
            "module.parameters_inclusion.aws_vpc.main"
          ]
        }
      ]
    },
    {
      "module": "module.parameters_inclusion",
      "mode": "managed",
      "type": "aws_network_acl_association",
      "name": "private_subnet_association",
      "provider": "module.parameters_inclusion.provider[\"registry.terraform.io/hashicorp/aws\"]",
      "instances": [
        {
          "index_key": 0,
          "schema_version": 0,
          "attributes": {
            "id": "aclassoc-0dd67a31a45e0d42c",
            "network_acl_id": "acl-0f4e6867d1564ce25",
            "subnet_id": "subnet-0a0cef6f365b85877"
          },
          "sensitive_attributes": [],
          "private": "bnVsbA==",
          "dependencies": [
            "module.parameters_inclusion.aws_network_acl.private_nacl",
            "module.parameters_inclusion.aws_subnet.private_subnet",
            "module.parameters_inclusion.aws_vpc.main",
            "module.parameters_inclusion.data.aws_availability_zones.available"
          ]
        },
        {
          "index_key": 1,
          "schema_version": 0,
          "attributes": {
            "id": "aclassoc-01bc1823518aedc60",
            "network_acl_id": "acl-023efbf067b25421d",
            "subnet_id": "subnet-0015502c81417cd89"
          },
          "sensitive_attributes": [],
          "private": "bnVsbA==",
          "dependencies": [
            "module.parameters_inclusion.aws_network_acl.private_nacl",
            "module.parameters_inclusion.aws_subnet.private_subnet",
            "module.parameters_inclusion.aws_vpc.main",
            "module.parameters_inclusion.data.aws_availability_zones.available"
          ]
        },
        {
          "index_key": 2,
          "schema_version": 0,
          "attributes": {
            "id": "aclassoc-0e6c153eaf28e3a99",
            "network_acl_id": "acl-0e5562e840e92ed2f",
            "subnet_id": "subnet-0c49c59409e2d8137"
          },
          "sensitive_attributes": [],
          "private": "bnVsbA==",
          "dependencies": [
            "module.parameters_inclusion.aws_network_acl.private_nacl",
            "module.parameters_inclusion.aws_subnet.private_subnet",
            "module.parameters_inclusion.aws_vpc.main",
            "module.parameters_inclusion.data.aws_availability_zones.available"
          ]
        },
        {
          "index_key": 3,
          "schema_version": 0,
          "attributes": {
            "id": "aclassoc-021ac0167a7b56a2f",
            "network_acl_id": "acl-09aa883551fba8d85",
            "subnet_id": "subnet-068423f1207bac865"
          },
          "sensitive_attributes": [],
          "private": "bnVsbA==",
          "dependencies": [
            "module.parameters_inclusion.aws_network_acl.private_nacl",
            "module.parameters_inclusion.aws_subnet.private_subnet",
            "module.parameters_inclusion.aws_vpc.main",
            "module.parameters_inclusion.data.aws_availability_zones.available"
          ]
        },
        {
          "index_key": 4,
          "schema_version": 0,
          "attributes": {
            "id": "aclassoc-014c77d7da5f60d2c",
            "network_acl_id": "acl-0c5253f9bc6ffe71e",
            "subnet_id": "subnet-075304565469a9f89"
          },
          "sensitive_attributes": [],
          "private": "bnVsbA==",
          "dependencies": [
            "module.parameters_inclusion.aws_network_acl.private_nacl",
            "module.parameters_inclusion.aws_subnet.private_subnet",
            "module.parameters_inclusion.aws_vpc.main",
            "module.parameters_inclusion.data.aws_availability_zones.available"
          ]
        },
        {
          "index_key": 5,
          "schema_version": 0,
          "attributes": {
            "id": "aclassoc-080fd27f49613188e",
            "network_acl_id": "acl-0b7bdb65daa5c359c",
            "subnet_id": "subnet-0cd214252f9dec8fe"
          },
          "sensitive_attributes": [],
          "private": "bnVsbA==",
          "dependencies": [
            "module.parameters_inclusion.aws_network_acl.private_nacl",
            "module.parameters_inclusion.aws_subnet.private_subnet",
            "module.parameters_inclusion.aws_vpc.main",
            "module.parameters_inclusion.data.aws_availability_zones.available"
          ]
        },
        {
          "index_key": 6,
          "schema_version": 0,
          "attributes": {
            "id": "aclassoc-0f358182f867342a0",
            "network_acl_id": "acl-0fee87744a35ce18e",
            "subnet_id": "subnet-049a27c3981eddecc"
          },
          "sensitive_attributes": [],
          "private": "bnVsbA==",
          "dependencies": [
            "module.parameters_inclusion.aws_network_acl.private_nacl",
            "module.parameters_inclusion.aws_subnet.private_subnet",
            "module.parameters_inclusion.aws_vpc.main",
            "module.parameters_inclusion.data.aws_availability_zones.available"
          ]
        },
        {
          "index_key": 7,
          "schema_version": 0,
          "attributes": {
            "id": "aclassoc-02e46559f9c39da3c",
            "network_acl_id": "acl-05e3b6c95aed9efb6",
            "subnet_id": "subnet-048a09467b0898f30"
          },
          "sensitive_attributes": [],
          "private": "bnVsbA==",
          "dependencies": [
            "module.parameters_inclusion.aws_network_acl.private_nacl",
            "module.parameters_inclusion.aws_subnet.private_subnet",
            "module.parameters_inclusion.aws_vpc.main",
            "module.parameters_inclusion.data.aws_availability_zones.available"
          ]
        },
        {
          "index_key": 8,
          "schema_version": 0,
          "attributes": {
            "id": "aclassoc-07fd2088cf774210f",
            "network_acl_id": "acl-0984b189befc347db",
            "subnet_id": "subnet-09db92a0d7f7916b2"
          },
          "sensitive_attributes": [],
          "private": "bnVsbA==",
          "dependencies": [
            "module.parameters_inclusion.aws_network_acl.private_nacl",
            "module.parameters_inclusion.aws_subnet.private_subnet",
            "module.parameters_inclusion.aws_vpc.main",
            "module.parameters_inclusion.data.aws_availability_zones.available"
          ]
        }
      ]
    },
    {
      "module": "module.parameters_inclusion",
      "mode": "managed",
      "type": "aws_network_acl_association",
      "name": "public_subnet_association",
      "provider": "module.parameters_inclusion.provider[\"registry.terraform.io/hashicorp/aws\"]",
      "instances": [
        {
          "index_key": 0,
          "schema_version": 0,
          "attributes": {
            "id": "aclassoc-057907b214ef823f1",
            "network_acl_id": "acl-0b55f9cf83063aed8",
            "subnet_id": "subnet-02615cf4b62ad101a"
          },
          "sensitive_attributes": [],
          "private": "bnVsbA==",
          "dependencies": [
            "module.parameters_inclusion.aws_network_acl.public_nacl",
            "module.parameters_inclusion.aws_subnet.public_subnet",
            "module.parameters_inclusion.aws_vpc.main",
            "module.parameters_inclusion.data.aws_availability_zones.available"
          ]
        },
        {
          "index_key": 1,
          "schema_version": 0,
          "attributes": {
            "id": "aclassoc-0c92a9ee6abe22737",
            "network_acl_id": "acl-0d97bdf8944981a0d",
            "subnet_id": "subnet-0d6cc221bab7a5343"
          },
          "sensitive_attributes": [],
          "private": "bnVsbA==",
          "dependencies": [
            "module.parameters_inclusion.aws_network_acl.public_nacl",
            "module.parameters_inclusion.aws_subnet.public_subnet",
            "module.parameters_inclusion.aws_vpc.main",
            "module.parameters_inclusion.data.aws_availability_zones.available"
          ]
        },
        {
          "index_key": 2,
          "schema_version": 0,
          "attributes": {
            "id": "aclassoc-01c31bd8808618014",
            "network_acl_id": "acl-0cfc0ca690b29c8e5",
            "subnet_id": "subnet-09f9cacee2bece732"
          },
          "sensitive_attributes": [],
          "private": "bnVsbA==",
          "dependencies": [
            "module.parameters_inclusion.aws_network_acl.public_nacl",
            "module.parameters_inclusion.aws_subnet.public_subnet",
            "module.parameters_inclusion.aws_vpc.main",
            "module.parameters_inclusion.data.aws_availability_zones.available"
          ]
        }
      ]
    },
    {
      "module": "module.parameters_inclusion",
      "mode": "managed",
      "type": "aws_network_acl_rule",
      "name": "allow_http_public",
      "provider": "module.parameters_inclusion.provider[\"registry.terraform.io/hashicorp/aws\"]",
      "instances": [
        {
          "index_key": 0,
          "schema_version": 0,
          "attributes": {
            "cidr_block": "0.0.0.0/0",
            "egress": false,
            "from_port": 80,
            "icmp_code": null,
            "icmp_type": null,
            "id": "nacl-2390385723",
            "ipv6_cidr_block": "",
            "network_acl_id": "acl-0b55f9cf83063aed8",
            "protocol": "6",
            "rule_action": "allow",
            "rule_number": 100,
            "to_port": 80
          },
          "sensitive_attributes": [],
          "private": "bnVsbA==",
          "dependencies": [
            "module.parameters_inclusion.aws_network_acl.public_nacl",
            "module.parameters_inclusion.aws_vpc.main"
          ]
        },
        {
          "index_key": 1,
          "schema_version": 0,
          "attributes": {
            "cidr_block": "0.0.0.0/0",
            "egress": false,
            "from_port": 80,
            "icmp_code": null,
            "icmp_type": null,
            "id": "nacl-790670800",
            "ipv6_cidr_block": "",
            "network_acl_id": "acl-0d97bdf8944981a0d",
            "protocol": "6",
            "rule_action": "allow",
            "rule_number": 100,
            "to_port": 80
          },
          "sensitive_attributes": [],
          "private": "bnVsbA==",
          "dependencies": [
            "module.parameters_inclusion.aws_network_acl.public_nacl",
            "module.parameters_inclusion.aws_vpc.main"
          ]
        },
        {
          "index_key": 2,
          "schema_version": 0,
          "attributes": {
            "cidr_block": "0.0.0.0/0",
            "egress": false,
            "from_port": 80,
            "icmp_code": null,
            "icmp_type": null,
            "id": "nacl-3383802749",
            "ipv6_cidr_block": "",
            "network_acl_id": "acl-0cfc0ca690b29c8e5",
            "protocol": "6",
            "rule_action": "allow",
            "rule_number": 100,
            "to_port": 80
          },
          "sensitive_attributes": [],
          "private": "bnVsbA==",
          "dependencies": [
            "module.parameters_inclusion.aws_network_acl.public_nacl",
            "module.parameters_inclusion.aws_vpc.main"
          ]
        }
      ]
    },
    {
      "module": "module.parameters_inclusion",
      "mode": "managed",
      "type": "aws_network_acl_rule",
      "name": "allow_https_public",
      "provider": "module.parameters_inclusion.provider[\"registry.terraform.io/hashicorp/aws\"]",
      "instances": [
        {
          "index_key": 0,
          "schema_version": 0,
          "attributes": {
            "cidr_block": "0.0.0.0/0",
            "egress": false,
            "from_port": 443,
            "icmp_code": null,
            "icmp_type": null,
            "id": "nacl-366946388",
            "ipv6_cidr_block": "",
            "network_acl_id": "acl-0b55f9cf83063aed8",
            "protocol": "6",
            "rule_action": "allow",
            "rule_number": 101,
            "to_port": 443
          },
          "sensitive_attributes": [],
          "private": "bnVsbA==",
          "dependencies": [
            "module.parameters_inclusion.aws_network_acl.public_nacl",
            "module.parameters_inclusion.aws_vpc.main"
          ]
        },
        {
          "index_key": 1,
          "schema_version": 0,
          "attributes": {
            "cidr_block": "0.0.0.0/0",
            "egress": false,
            "from_port": 443,
            "icmp_code": null,
            "icmp_type": null,
            "id": "nacl-3028672959",
            "ipv6_cidr_block": "",
            "network_acl_id": "acl-0d97bdf8944981a0d",
            "protocol": "6",
            "rule_action": "allow",
            "rule_number": 101,
            "to_port": 443
          },
          "sensitive_attributes": [],
          "private": "bnVsbA==",
          "dependencies": [
            "module.parameters_inclusion.aws_network_acl.public_nacl",
            "module.parameters_inclusion.aws_vpc.main"
          ]
        },
        {
          "index_key": 2,
          "schema_version": 0,
          "attributes": {
            "cidr_block": "0.0.0.0/0",
            "egress": false,
            "from_port": 443,
            "icmp_code": null,
            "icmp_type": null,
            "id": "nacl-1377171218",
            "ipv6_cidr_block": "",
            "network_acl_id": "acl-0cfc0ca690b29c8e5",
            "protocol": "6",
            "rule_action": "allow",
            "rule_number": 101,
            "to_port": 443
          },
          "sensitive_attributes": [],
          "private": "bnVsbA==",
          "dependencies": [
            "module.parameters_inclusion.aws_network_acl.public_nacl",
            "module.parameters_inclusion.aws_vpc.main"
          ]
        }
      ]
    },
    {
      "module": "module.parameters_inclusion",
      "mode": "managed",
      "type": "aws_network_acl_rule",
      "name": "allow_inbound_private",
      "provider": "module.parameters_inclusion.provider[\"registry.terraform.io/hashicorp/aws\"]",
      "instances": [
        {
          "index_key": 0,
          "schema_version": 0,
          "attributes": {
            "cidr_block": "10.0.0.0/16",
            "egress": false,
            "from_port": 0,
            "icmp_code": null,
            "icmp_type": null,
            "id": "nacl-2983890949",
            "ipv6_cidr_block": "",
            "network_acl_id": "acl-0f4e6867d1564ce25",
            "protocol": "6",
            "rule_action": "allow",
            "rule_number": 100,
            "to_port": 65535
          },
          "sensitive_attributes": [],
          "private": "bnVsbA==",
          "dependencies": [
            "module.parameters_inclusion.aws_network_acl.private_nacl",
            "module.parameters_inclusion.aws_vpc.main"
          ]
        },
        {
          "index_key": 1,
          "schema_version": 0,
          "attributes": {
            "cidr_block": "10.0.0.0/16",
            "egress": false,
            "from_port": 0,
            "icmp_code": null,
            "icmp_type": null,
            "id": "nacl-2748559938",
            "ipv6_cidr_block": "",
            "network_acl_id": "acl-023efbf067b25421d",
            "protocol": "6",
            "rule_action": "allow",
            "rule_number": 100,
            "to_port": 65535
          },
          "sensitive_attributes": [],
          "private": "bnVsbA==",
          "dependencies": [
            "module.parameters_inclusion.aws_network_acl.private_nacl",
            "module.parameters_inclusion.aws_vpc.main"
          ]
        },
        {
          "index_key": 2,
          "schema_version": 0,
          "attributes": {
            "cidr_block": "10.0.0.0/16",
            "egress": false,
            "from_port": 0,
            "icmp_code": null,
            "icmp_type": null,
            "id": "nacl-4120998493",
            "ipv6_cidr_block": "",
            "network_acl_id": "acl-0e5562e840e92ed2f",
            "protocol": "6",
            "rule_action": "allow",
            "rule_number": 100,
            "to_port": 65535
          },
          "sensitive_attributes": [],
          "private": "bnVsbA==",
          "dependencies": [
            "module.parameters_inclusion.aws_network_acl.private_nacl",
            "module.parameters_inclusion.aws_vpc.main"
          ]
        },
        {
          "index_key": 3,
          "schema_version": 0,
          "attributes": {
            "cidr_block": "10.0.0.0/16",
            "egress": false,
            "from_port": 0,
            "icmp_code": null,
            "icmp_type": null,
            "id": "nacl-1353731901",
            "ipv6_cidr_block": "",
            "network_acl_id": "acl-09aa883551fba8d85",
            "protocol": "6",
            "rule_action": "allow",
            "rule_number": 100,
            "to_port": 65535
          },
          "sensitive_attributes": [],
          "private": "bnVsbA==",
          "dependencies": [
            "module.parameters_inclusion.aws_network_acl.private_nacl",
            "module.parameters_inclusion.aws_vpc.main"
          ]
        },
        {
          "index_key": 4,
          "schema_version": 0,
          "attributes": {
            "cidr_block": "10.0.0.0/16",
            "egress": false,
            "from_port": 0,
            "icmp_code": null,
            "icmp_type": null,
            "id": "nacl-3073831932",
            "ipv6_cidr_block": "",
            "network_acl_id": "acl-0c5253f9bc6ffe71e",
            "protocol": "6",
            "rule_action": "allow",
            "rule_number": 100,
            "to_port": 65535
          },
          "sensitive_attributes": [],
          "private": "bnVsbA==",
          "dependencies": [
            "module.parameters_inclusion.aws_network_acl.private_nacl",
            "module.parameters_inclusion.aws_vpc.main"
          ]
        },
        {
          "index_key": 5,
          "schema_version": 0,
          "attributes": {
            "cidr_block": "10.0.0.0/16",
            "egress": false,
            "from_port": 0,
            "icmp_code": null,
            "icmp_type": null,
            "id": "nacl-2852172066",
            "ipv6_cidr_block": "",
            "network_acl_id": "acl-0b7bdb65daa5c359c",
            "protocol": "6",
            "rule_action": "allow",
            "rule_number": 100,
            "to_port": 65535
          },
          "sensitive_attributes": [],
          "private": "bnVsbA==",
          "dependencies": [
            "module.parameters_inclusion.aws_network_acl.private_nacl",
            "module.parameters_inclusion.aws_vpc.main"
          ]
        },
        {
          "index_key": 6,
          "schema_version": 0,
          "attributes": {
            "cidr_block": "10.0.0.0/16",
            "egress": false,
            "from_port": 0,
            "icmp_code": null,
            "icmp_type": null,
            "id": "nacl-3080083279",
            "ipv6_cidr_block": "",
            "network_acl_id": "acl-0fee87744a35ce18e",
            "protocol": "6",
            "rule_action": "allow",
            "rule_number": 100,
            "to_port": 65535
          },
          "sensitive_attributes": [],
          "private": "bnVsbA==",
          "dependencies": [
            "module.parameters_inclusion.aws_network_acl.private_nacl",
            "module.parameters_inclusion.aws_vpc.main"
          ]
        },
        {
          "index_key": 7,
          "schema_version": 0,
          "attributes": {
            "cidr_block": "10.0.0.0/16",
            "egress": false,
            "from_port": 0,
            "icmp_code": null,
            "icmp_type": null,
            "id": "nacl-3669662868",
            "ipv6_cidr_block": "",
            "network_acl_id": "acl-05e3b6c95aed9efb6",
            "protocol": "6",
            "rule_action": "allow",
            "rule_number": 100,
            "to_port": 65535
          },
          "sensitive_attributes": [],
          "private": "bnVsbA==",
          "dependencies": [
            "module.parameters_inclusion.aws_network_acl.private_nacl",
            "module.parameters_inclusion.aws_vpc.main"
          ]
        },
        {
          "index_key": 8,
          "schema_version": 0,
          "attributes": {
            "cidr_block": "10.0.0.0/16",
            "egress": false,
            "from_port": 0,
            "icmp_code": null,
            "icmp_type": null,
            "id": "nacl-3289782108",
            "ipv6_cidr_block": "",
            "network_acl_id": "acl-0984b189befc347db",
            "protocol": "6",
            "rule_action": "allow",
            "rule_number": 100,
            "to_port": 65535
          },
          "sensitive_attributes": [],
          "private": "bnVsbA==",
          "dependencies": [
            "module.parameters_inclusion.aws_network_acl.private_nacl",
            "module.parameters_inclusion.aws_vpc.main"
          ]
        }
      ]
    },
    {
      "module": "module.parameters_inclusion",
      "mode": "managed",
      "type": "aws_network_acl_rule",
      "name": "allow_outbound_private",
      "provider": "module.parameters_inclusion.provider[\"registry.terraform.io/hashicorp/aws\"]",
      "instances": [
        {
          "index_key": 0,
          "schema_version": 0,
          "attributes": {
            "cidr_block": "0.0.0.0/0",
            "egress": true,
            "from_port": null,
            "icmp_code": null,
            "icmp_type": null,
            "id": "nacl-2843527412",
            "ipv6_cidr_block": "",
            "network_acl_id": "acl-0f4e6867d1564ce25",
            "protocol": "-1",
            "rule_action": "allow",
            "rule_number": 101,
            "to_port": null
          },
          "sensitive_attributes": [],
          "private": "bnVsbA==",
          "dependencies": [
            "module.parameters_inclusion.aws_network_acl.private_nacl",
            "module.parameters_inclusion.aws_vpc.main"
          ]
        },
        {
          "index_key": 1,
          "schema_version": 0,
          "attributes": {
            "cidr_block": "0.0.0.0/0",
            "egress": true,
            "from_port": null,
            "icmp_code": null,
            "icmp_type": null,
            "id": "nacl-1769701766",
            "ipv6_cidr_block": "",
            "network_acl_id": "acl-023efbf067b25421d",
            "protocol": "-1",
            "rule_action": "allow",
            "rule_number": 101,
            "to_port": null
          },
          "sensitive_attributes": [],
          "private": "bnVsbA==",
          "dependencies": [
            "module.parameters_inclusion.aws_network_acl.private_nacl",
            "module.parameters_inclusion.aws_vpc.main"
          ]
        },
        {
          "index_key": 2,
          "schema_version": 0,
          "attributes": {
            "cidr_block": "0.0.0.0/0",
            "egress": true,
            "from_port": null,
            "icmp_code": null,
            "icmp_type": null,
            "id": "nacl-207232952",
            "ipv6_cidr_block": "",
            "network_acl_id": "acl-0e5562e840e92ed2f",
            "protocol": "-1",
            "rule_action": "allow",
            "rule_number": 101,
            "to_port": null
          },
          "sensitive_attributes": [],
          "private": "bnVsbA==",
          "dependencies": [
            "module.parameters_inclusion.aws_network_acl.private_nacl",
            "module.parameters_inclusion.aws_vpc.main"
          ]
        },
        {
          "index_key": 3,
          "schema_version": 0,
          "attributes": {
            "cidr_block": "0.0.0.0/0",
            "egress": true,
            "from_port": null,
            "icmp_code": null,
            "icmp_type": null,
            "id": "nacl-2247377901",
            "ipv6_cidr_block": "",
            "network_acl_id": "acl-09aa883551fba8d85",
            "protocol": "-1",
            "rule_action": "allow",
            "rule_number": 101,
            "to_port": null
          },
          "sensitive_attributes": [],
          "private": "bnVsbA==",
          "dependencies": [
            "module.parameters_inclusion.aws_network_acl.private_nacl",
            "module.parameters_inclusion.aws_vpc.main"
          ]
        },
        {
          "index_key": 4,
          "schema_version": 0,
          "attributes": {
            "cidr_block": "0.0.0.0/0",
            "egress": true,
            "from_port": null,
            "icmp_code": null,
            "icmp_type": null,
            "id": "nacl-2051380746",
            "ipv6_cidr_block": "",
            "network_acl_id": "acl-0c5253f9bc6ffe71e",
            "protocol": "-1",
            "rule_action": "allow",
            "rule_number": 101,
            "to_port": null
          },
          "sensitive_attributes": [],
          "private": "bnVsbA==",
          "dependencies": [
            "module.parameters_inclusion.aws_network_acl.private_nacl",
            "module.parameters_inclusion.aws_vpc.main"
          ]
        },
        {
          "index_key": 5,
          "schema_version": 0,
          "attributes": {
            "cidr_block": "0.0.0.0/0",
            "egress": true,
            "from_port": null,
            "icmp_code": null,
            "icmp_type": null,
            "id": "nacl-2531871710",
            "ipv6_cidr_block": "",
            "network_acl_id": "acl-0b7bdb65daa5c359c",
            "protocol": "-1",
            "rule_action": "allow",
            "rule_number": 101,
            "to_port": null
          },
          "sensitive_attributes": [],
          "private": "bnVsbA==",
          "dependencies": [
            "module.parameters_inclusion.aws_network_acl.private_nacl",
            "module.parameters_inclusion.aws_vpc.main"
          ]
        },
        {
          "index_key": 6,
          "schema_version": 0,
          "attributes": {
            "cidr_block": "0.0.0.0/0",
            "egress": true,
            "from_port": null,
            "icmp_code": null,
            "icmp_type": null,
            "id": "nacl-3558141674",
            "ipv6_cidr_block": "",
            "network_acl_id": "acl-0fee87744a35ce18e",
            "protocol": "-1",
            "rule_action": "allow",
            "rule_number": 101,
            "to_port": null
          },
          "sensitive_attributes": [],
          "private": "bnVsbA==",
          "dependencies": [
            "module.parameters_inclusion.aws_network_acl.private_nacl",
            "module.parameters_inclusion.aws_vpc.main"
          ]
        },
        {
          "index_key": 7,
          "schema_version": 0,
          "attributes": {
            "cidr_block": "0.0.0.0/0",
            "egress": true,
            "from_port": null,
            "icmp_code": null,
            "icmp_type": null,
            "id": "nacl-801552699",
            "ipv6_cidr_block": "",
            "network_acl_id": "acl-05e3b6c95aed9efb6",
            "protocol": "-1",
            "rule_action": "allow",
            "rule_number": 101,
            "to_port": null
          },
          "sensitive_attributes": [],
          "private": "bnVsbA==",
          "dependencies": [
            "module.parameters_inclusion.aws_network_acl.private_nacl",
            "module.parameters_inclusion.aws_vpc.main"
          ]
        },
        {
          "index_key": 8,
          "schema_version": 0,
          "attributes": {
            "cidr_block": "0.0.0.0/0",
            "egress": true,
            "from_port": null,
            "icmp_code": null,
            "icmp_type": null,
            "id": "nacl-837709137",
            "ipv6_cidr_block": "",
            "network_acl_id": "acl-0984b189befc347db",
            "protocol": "-1",
            "rule_action": "allow",
            "rule_number": 101,
            "to_port": null
          },
          "sensitive_attributes": [],
          "private": "bnVsbA==",
          "dependencies": [
            "module.parameters_inclusion.aws_network_acl.private_nacl",
            "module.parameters_inclusion.aws_vpc.main"
          ]
        }
      ]
    },
    {
      "module": "module.parameters_inclusion",
      "mode": "managed",
      "type": "aws_network_acl_rule",
      "name": "allow_outbound_public",
      "provider": "module.parameters_inclusion.provider[\"registry.terraform.io/hashicorp/aws\"]",
      "instances": [
        {
          "index_key": 0,
          "schema_version": 0,
          "attributes": {
            "cidr_block": "0.0.0.0/0",
            "egress": true,
            "from_port": null,
            "icmp_code": null,
            "icmp_type": null,
            "id": "nacl-1787141290",
            "ipv6_cidr_block": "",
            "network_acl_id": "acl-0b55f9cf83063aed8",
            "protocol": "-1",
            "rule_action": "allow",
            "rule_number": 102,
            "to_port": null
          },
          "sensitive_attributes": [],
          "private": "bnVsbA==",
          "dependencies": [
            "module.parameters_inclusion.aws_network_acl.public_nacl",
            "module.parameters_inclusion.aws_vpc.main"
          ]
        },
        {
          "index_key": 1,
          "schema_version": 0,
          "attributes": {
            "cidr_block": "0.0.0.0/0",
            "egress": true,
            "from_port": null,
            "icmp_code": null,
            "icmp_type": null,
            "id": "nacl-2393430000",
            "ipv6_cidr_block": "",
            "network_acl_id": "acl-0d97bdf8944981a0d",
            "protocol": "-1",
            "rule_action": "allow",
            "rule_number": 102,
            "to_port": null
          },
          "sensitive_attributes": [],
          "private": "bnVsbA==",
          "dependencies": [
            "module.parameters_inclusion.aws_network_acl.public_nacl",
            "module.parameters_inclusion.aws_vpc.main"
          ]
        },
        {
          "index_key": 2,
          "schema_version": 0,
          "attributes": {
            "cidr_block": "0.0.0.0/0",
            "egress": true,
            "from_port": null,
            "icmp_code": null,
            "icmp_type": null,
            "id": "nacl-2104873186",
            "ipv6_cidr_block": "",
            "network_acl_id": "acl-0cfc0ca690b29c8e5",
            "protocol": "-1",
            "rule_action": "allow",
            "rule_number": 102,
            "to_port": null
          },
          "sensitive_attributes": [],
          "private": "bnVsbA==",
          "dependencies": [
            "module.parameters_inclusion.aws_network_acl.public_nacl",
            "module.parameters_inclusion.aws_vpc.main"
          ]
        }
      ]
    },
    {
      "module": "module.parameters_inclusion",
      "mode": "managed",
      "type": "aws_security_group",
      "name": "private_sg",
      "provider": "module.parameters_inclusion.provider[\"registry.terraform.io/hashicorp/aws\"]",
      "instances": [
        {
          "schema_version": 1,
          "attributes": {
            "arn": "arn:aws:ec2:us-east-1:337909786260:security-group/sg-0c0af470531d7f8dd",
            "description": "Security group for private subnets across AZs",
            "egress": [
              {
                "cidr_blocks": [
                  "0.0.0.0/0"
                ],
                "description": "",
                "from_port": 0,
                "ipv6_cidr_blocks": [],
                "prefix_list_ids": [],
                "protocol": "-1",
                "security_groups": [],
                "self": false,
                "to_port": 0
              }
            ],
            "id": "sg-0c0af470531d7f8dd",
            "ingress": [
              {
                "cidr_blocks": [
                  "10.0.0.0/16"
                ],
                "description": "",
                "from_port": 3306,
                "ipv6_cidr_blocks": [],
                "prefix_list_ids": [],
                "protocol": "tcp",
                "security_groups": [],
                "self": false,
                "to_port": 3306
              },
              {
                "cidr_blocks": [
                  "10.0.0.0/16"
                ],
                "description": "",
                "from_port": 8080,
                "ipv6_cidr_blocks": [],
                "prefix_list_ids": [],
                "protocol": "tcp",
                "security_groups": [],
                "self": false,
                "to_port": 8080
              }
            ],
            "name": "terraform-20241126044751247400000004",
            "name_prefix": "terraform-",
            "owner_id": "337909786260",
            "revoke_rules_on_delete": false,
            "tags": {
              "Name": "PrivateSecurityGroup"
            },
            "tags_all": {
              "Name": "PrivateSecurityGroup"
            },
            "timeouts": null,
            "vpc_id": "vpc-0555192a11f88639b"
          },
          "sensitive_attributes": [],
          "private": "eyJlMmJmYjczMC1lY2FhLTExZTYtOGY4OC0zNDM2M2JjN2M0YzAiOnsiY3JlYXRlIjo2MDAwMDAwMDAwMDAsImRlbGV0ZSI6OTAwMDAwMDAwMDAwfSwic2NoZW1hX3ZlcnNpb24iOiIxIn0=",
          "dependencies": [
            "module.parameters_inclusion.aws_vpc.main"
          ]
        }
      ]
    },
    {
      "module": "module.parameters_inclusion",
      "mode": "managed",
      "type": "aws_security_group",
      "name": "public_sg",
      "provider": "module.parameters_inclusion.provider[\"registry.terraform.io/hashicorp/aws\"]",
      "instances": [
        {
          "schema_version": 1,
          "attributes": {
            "arn": "arn:aws:ec2:us-east-1:337909786260:security-group/sg-0b208c3ff05bfb86e",
            "description": "Security group for public subnets across AZs",
            "egress": [
              {
                "cidr_blocks": [
                  "0.0.0.0/0"
                ],
                "description": "",
                "from_port": 0,
                "ipv6_cidr_blocks": [],
                "prefix_list_ids": [],
                "protocol": "-1",
                "security_groups": [],
                "self": false,
                "to_port": 0
              }
            ],
            "id": "sg-0b208c3ff05bfb86e",
            "ingress": [
              {
                "cidr_blocks": [
                  "0.0.0.0/0"
                ],
                "description": "",
                "from_port": 22,
                "ipv6_cidr_blocks": [],
                "prefix_list_ids": [],
                "protocol": "tcp",
                "security_groups": [],
                "self": false,
                "to_port": 22
              },
              {
                "cidr_blocks": [
                  "0.0.0.0/0"
                ],
                "description": "",
                "from_port": 443,
                "ipv6_cidr_blocks": [],
                "prefix_list_ids": [],
                "protocol": "tcp",
                "security_groups": [],
                "self": false,
                "to_port": 443
              },
              {
                "cidr_blocks": [
                  "0.0.0.0/0"
                ],
                "description": "",
                "from_port": 80,
                "ipv6_cidr_blocks": [],
                "prefix_list_ids": [],
                "protocol": "tcp",
                "security_groups": [],
                "self": false,
                "to_port": 80
              }
            ],
            "name": "terraform-20241126044753530600000006",
            "name_prefix": "terraform-",
            "owner_id": "337909786260",
            "revoke_rules_on_delete": false,
            "tags": {
              "Name": "PublicSecurityGroup"
            },
            "tags_all": {
              "Name": "PublicSecurityGroup"
            },
            "timeouts": null,
            "vpc_id": "vpc-0555192a11f88639b"
          },
          "sensitive_attributes": [],
          "private": "eyJlMmJmYjczMC1lY2FhLTExZTYtOGY4OC0zNDM2M2JjN2M0YzAiOnsiY3JlYXRlIjo2MDAwMDAwMDAwMDAsImRlbGV0ZSI6OTAwMDAwMDAwMDAwfSwic2NoZW1hX3ZlcnNpb24iOiIxIn0=",
          "dependencies": [
            "module.parameters_inclusion.aws_vpc.main"
          ]
        }
      ]
    },
    {
      "module": "module.parameters_inclusion",
      "mode": "managed",
      "type": "aws_subnet",
      "name": "private_subnet",
      "provider": "module.parameters_inclusion.provider[\"registry.terraform.io/hashicorp/aws\"]",
      "instances": [
        {
          "index_key": 0,
          "schema_version": 1,
          "attributes": {
            "arn": "arn:aws:ec2:us-east-1:337909786260:subnet/subnet-0a0cef6f365b85877",
            "assign_ipv6_address_on_creation": false,
            "availability_zone": "us-east-1a",
            "availability_zone_id": "use1-az1",
            "cidr_block": "10.0.3.0/24",
            "customer_owned_ipv4_pool": "",
            "enable_dns64": false,
            "enable_lni_at_device_index": 0,
            "enable_resource_name_dns_a_record_on_launch": false,
            "enable_resource_name_dns_aaaa_record_on_launch": false,
            "id": "subnet-0a0cef6f365b85877",
            "ipv6_cidr_block": "",
            "ipv6_cidr_block_association_id": "",
            "ipv6_native": false,
            "map_customer_owned_ip_on_launch": false,
            "map_public_ip_on_launch": false,
            "outpost_arn": "",
            "owner_id": "337909786260",
            "private_dns_hostname_type_on_launch": "ip-name",
            "tags": {
              "Name": "PrivateSubnet-1-AZ1"
            },
            "tags_all": {
              "Name": "PrivateSubnet-1-AZ1"
            },
            "timeouts": null,
            "vpc_id": "vpc-0555192a11f88639b"
          },
          "sensitive_attributes": [],
          "private": "eyJlMmJmYjczMC1lY2FhLTExZTYtOGY4OC0zNDM2M2JjN2M0YzAiOnsiY3JlYXRlIjo2MDAwMDAwMDAwMDAsImRlbGV0ZSI6MTIwMDAwMDAwMDAwMH0sInNjaGVtYV92ZXJzaW9uIjoiMSJ9",
          "dependencies": [
            "module.parameters_inclusion.aws_vpc.main",
            "module.parameters_inclusion.data.aws_availability_zones.available"
          ]
        },
        {
          "index_key": 1,
          "schema_version": 1,
          "attributes": {
            "arn": "arn:aws:ec2:us-east-1:337909786260:subnet/subnet-0015502c81417cd89",
            "assign_ipv6_address_on_creation": false,
            "availability_zone": "us-east-1b",
            "availability_zone_id": "use1-az2",
            "cidr_block": "10.0.4.0/24",
            "customer_owned_ipv4_pool": "",
            "enable_dns64": false,
            "enable_lni_at_device_index": 0,
            "enable_resource_name_dns_a_record_on_launch": false,
            "enable_resource_name_dns_aaaa_record_on_launch": false,
            "id": "subnet-0015502c81417cd89",
            "ipv6_cidr_block": "",
            "ipv6_cidr_block_association_id": "",
            "ipv6_native": false,
            "map_customer_owned_ip_on_launch": false,
            "map_public_ip_on_launch": false,
            "outpost_arn": "",
            "owner_id": "337909786260",
            "private_dns_hostname_type_on_launch": "ip-name",
            "tags": {
              "Name": "PrivateSubnet-2-AZ2"
            },
            "tags_all": {
              "Name": "PrivateSubnet-2-AZ2"
            },
            "timeouts": null,
            "vpc_id": "vpc-0555192a11f88639b"
          },
          "sensitive_attributes": [],
          "private": "eyJlMmJmYjczMC1lY2FhLTExZTYtOGY4OC0zNDM2M2JjN2M0YzAiOnsiY3JlYXRlIjo2MDAwMDAwMDAwMDAsImRlbGV0ZSI6MTIwMDAwMDAwMDAwMH0sInNjaGVtYV92ZXJzaW9uIjoiMSJ9",
          "dependencies": [
            "module.parameters_inclusion.aws_vpc.main",
            "module.parameters_inclusion.data.aws_availability_zones.available"
          ]
        },
        {
          "index_key": 2,
          "schema_version": 1,
          "attributes": {
            "arn": "arn:aws:ec2:us-east-1:337909786260:subnet/subnet-0c49c59409e2d8137",
            "assign_ipv6_address_on_creation": false,
            "availability_zone": "us-east-1c",
            "availability_zone_id": "use1-az4",
            "cidr_block": "10.0.5.0/24",
            "customer_owned_ipv4_pool": "",
            "enable_dns64": false,
            "enable_lni_at_device_index": 0,
            "enable_resource_name_dns_a_record_on_launch": false,
            "enable_resource_name_dns_aaaa_record_on_launch": false,
            "id": "subnet-0c49c59409e2d8137",
            "ipv6_cidr_block": "",
            "ipv6_cidr_block_association_id": "",
            "ipv6_native": false,
            "map_customer_owned_ip_on_launch": false,
            "map_public_ip_on_launch": false,
            "outpost_arn": "",
            "owner_id": "337909786260",
            "private_dns_hostname_type_on_launch": "ip-name",
            "tags": {
              "Name": "PrivateSubnet-3-AZ3"
            },
            "tags_all": {
              "Name": "PrivateSubnet-3-AZ3"
            },
            "timeouts": null,
            "vpc_id": "vpc-0555192a11f88639b"
          },
          "sensitive_attributes": [],
          "private": "eyJlMmJmYjczMC1lY2FhLTExZTYtOGY4OC0zNDM2M2JjN2M0YzAiOnsiY3JlYXRlIjo2MDAwMDAwMDAwMDAsImRlbGV0ZSI6MTIwMDAwMDAwMDAwMH0sInNjaGVtYV92ZXJzaW9uIjoiMSJ9",
          "dependencies": [
            "module.parameters_inclusion.aws_vpc.main",
            "module.parameters_inclusion.data.aws_availability_zones.available"
          ]
        },
        {
          "index_key": 3,
          "schema_version": 1,
          "attributes": {
            "arn": "arn:aws:ec2:us-east-1:337909786260:subnet/subnet-068423f1207bac865",
            "assign_ipv6_address_on_creation": false,
            "availability_zone": "us-east-1a",
            "availability_zone_id": "use1-az1",
            "cidr_block": "10.0.6.0/24",
            "customer_owned_ipv4_pool": "",
            "enable_dns64": false,
            "enable_lni_at_device_index": 0,
            "enable_resource_name_dns_a_record_on_launch": false,
            "enable_resource_name_dns_aaaa_record_on_launch": false,
            "id": "subnet-068423f1207bac865",
            "ipv6_cidr_block": "",
            "ipv6_cidr_block_association_id": "",
            "ipv6_native": false,
            "map_customer_owned_ip_on_launch": false,
            "map_public_ip_on_launch": false,
            "outpost_arn": "",
            "owner_id": "337909786260",
            "private_dns_hostname_type_on_launch": "ip-name",
            "tags": {
              "Name": "PrivateSubnet-4-AZ1"
            },
            "tags_all": {
              "Name": "PrivateSubnet-4-AZ1"
            },
            "timeouts": null,
            "vpc_id": "vpc-0555192a11f88639b"
          },
          "sensitive_attributes": [],
          "private": "eyJlMmJmYjczMC1lY2FhLTExZTYtOGY4OC0zNDM2M2JjN2M0YzAiOnsiY3JlYXRlIjo2MDAwMDAwMDAwMDAsImRlbGV0ZSI6MTIwMDAwMDAwMDAwMH0sInNjaGVtYV92ZXJzaW9uIjoiMSJ9",
          "dependencies": [
            "module.parameters_inclusion.aws_vpc.main",
            "module.parameters_inclusion.data.aws_availability_zones.available"
          ]
        },
        {
          "index_key": 4,
          "schema_version": 1,
          "attributes": {
            "arn": "arn:aws:ec2:us-east-1:337909786260:subnet/subnet-075304565469a9f89",
            "assign_ipv6_address_on_creation": false,
            "availability_zone": "us-east-1b",
            "availability_zone_id": "use1-az2",
            "cidr_block": "10.0.7.0/24",
            "customer_owned_ipv4_pool": "",
            "enable_dns64": false,
            "enable_lni_at_device_index": 0,
            "enable_resource_name_dns_a_record_on_launch": false,
            "enable_resource_name_dns_aaaa_record_on_launch": false,
            "id": "subnet-075304565469a9f89",
            "ipv6_cidr_block": "",
            "ipv6_cidr_block_association_id": "",
            "ipv6_native": false,
            "map_customer_owned_ip_on_launch": false,
            "map_public_ip_on_launch": false,
            "outpost_arn": "",
            "owner_id": "337909786260",
            "private_dns_hostname_type_on_launch": "ip-name",
            "tags": {
              "Name": "PrivateSubnet-5-AZ2"
            },
            "tags_all": {
              "Name": "PrivateSubnet-5-AZ2"
            },
            "timeouts": null,
            "vpc_id": "vpc-0555192a11f88639b"
          },
          "sensitive_attributes": [],
          "private": "eyJlMmJmYjczMC1lY2FhLTExZTYtOGY4OC0zNDM2M2JjN2M0YzAiOnsiY3JlYXRlIjo2MDAwMDAwMDAwMDAsImRlbGV0ZSI6MTIwMDAwMDAwMDAwMH0sInNjaGVtYV92ZXJzaW9uIjoiMSJ9",
          "dependencies": [
            "module.parameters_inclusion.aws_vpc.main",
            "module.parameters_inclusion.data.aws_availability_zones.available"
          ]
        },
        {
          "index_key": 5,
          "schema_version": 1,
          "attributes": {
            "arn": "arn:aws:ec2:us-east-1:337909786260:subnet/subnet-0cd214252f9dec8fe",
            "assign_ipv6_address_on_creation": false,
            "availability_zone": "us-east-1c",
            "availability_zone_id": "use1-az4",
            "cidr_block": "10.0.8.0/24",
            "customer_owned_ipv4_pool": "",
            "enable_dns64": false,
            "enable_lni_at_device_index": 0,
            "enable_resource_name_dns_a_record_on_launch": false,
            "enable_resource_name_dns_aaaa_record_on_launch": false,
            "id": "subnet-0cd214252f9dec8fe",
            "ipv6_cidr_block": "",
            "ipv6_cidr_block_association_id": "",
            "ipv6_native": false,
            "map_customer_owned_ip_on_launch": false,
            "map_public_ip_on_launch": false,
            "outpost_arn": "",
            "owner_id": "337909786260",
            "private_dns_hostname_type_on_launch": "ip-name",
            "tags": {
              "Name": "PrivateSubnet-6-AZ3"
            },
            "tags_all": {
              "Name": "PrivateSubnet-6-AZ3"
            },
            "timeouts": null,
            "vpc_id": "vpc-0555192a11f88639b"
          },
          "sensitive_attributes": [],
          "private": "eyJlMmJmYjczMC1lY2FhLTExZTYtOGY4OC0zNDM2M2JjN2M0YzAiOnsiY3JlYXRlIjo2MDAwMDAwMDAwMDAsImRlbGV0ZSI6MTIwMDAwMDAwMDAwMH0sInNjaGVtYV92ZXJzaW9uIjoiMSJ9",
          "dependencies": [
            "module.parameters_inclusion.aws_vpc.main",
            "module.parameters_inclusion.data.aws_availability_zones.available"
          ]
        },
        {
          "index_key": 6,
          "schema_version": 1,
          "attributes": {
            "arn": "arn:aws:ec2:us-east-1:337909786260:subnet/subnet-049a27c3981eddecc",
            "assign_ipv6_address_on_creation": false,
            "availability_zone": "us-east-1a",
            "availability_zone_id": "use1-az1",
            "cidr_block": "10.0.9.0/24",
            "customer_owned_ipv4_pool": "",
            "enable_dns64": false,
            "enable_lni_at_device_index": 0,
            "enable_resource_name_dns_a_record_on_launch": false,
            "enable_resource_name_dns_aaaa_record_on_launch": false,
            "id": "subnet-049a27c3981eddecc",
            "ipv6_cidr_block": "",
            "ipv6_cidr_block_association_id": "",
            "ipv6_native": false,
            "map_customer_owned_ip_on_launch": false,
            "map_public_ip_on_launch": false,
            "outpost_arn": "",
            "owner_id": "337909786260",
            "private_dns_hostname_type_on_launch": "ip-name",
            "tags": {
              "Name": "PrivateSubnet-7-AZ1"
            },
            "tags_all": {
              "Name": "PrivateSubnet-7-AZ1"
            },
            "timeouts": null,
            "vpc_id": "vpc-0555192a11f88639b"
          },
          "sensitive_attributes": [],
          "private": "eyJlMmJmYjczMC1lY2FhLTExZTYtOGY4OC0zNDM2M2JjN2M0YzAiOnsiY3JlYXRlIjo2MDAwMDAwMDAwMDAsImRlbGV0ZSI6MTIwMDAwMDAwMDAwMH0sInNjaGVtYV92ZXJzaW9uIjoiMSJ9",
          "dependencies": [
            "module.parameters_inclusion.aws_vpc.main",
            "module.parameters_inclusion.data.aws_availability_zones.available"
          ]
        },
        {
          "index_key": 7,
          "schema_version": 1,
          "attributes": {
            "arn": "arn:aws:ec2:us-east-1:337909786260:subnet/subnet-048a09467b0898f30",
            "assign_ipv6_address_on_creation": false,
            "availability_zone": "us-east-1b",
            "availability_zone_id": "use1-az2",
            "cidr_block": "10.0.10.0/24",
            "customer_owned_ipv4_pool": "",
            "enable_dns64": false,
            "enable_lni_at_device_index": 0,
            "enable_resource_name_dns_a_record_on_launch": false,
            "enable_resource_name_dns_aaaa_record_on_launch": false,
            "id": "subnet-048a09467b0898f30",
            "ipv6_cidr_block": "",
            "ipv6_cidr_block_association_id": "",
            "ipv6_native": false,
            "map_customer_owned_ip_on_launch": false,
            "map_public_ip_on_launch": false,
            "outpost_arn": "",
            "owner_id": "337909786260",
            "private_dns_hostname_type_on_launch": "ip-name",
            "tags": {
              "Name": "PrivateSubnet-8-AZ2"
            },
            "tags_all": {
              "Name": "PrivateSubnet-8-AZ2"
            },
            "timeouts": null,
            "vpc_id": "vpc-0555192a11f88639b"
          },
          "sensitive_attributes": [],
          "private": "eyJlMmJmYjczMC1lY2FhLTExZTYtOGY4OC0zNDM2M2JjN2M0YzAiOnsiY3JlYXRlIjo2MDAwMDAwMDAwMDAsImRlbGV0ZSI6MTIwMDAwMDAwMDAwMH0sInNjaGVtYV92ZXJzaW9uIjoiMSJ9",
          "dependencies": [
            "module.parameters_inclusion.aws_vpc.main",
            "module.parameters_inclusion.data.aws_availability_zones.available"
          ]
        },
        {
          "index_key": 8,
          "schema_version": 1,
          "attributes": {
            "arn": "arn:aws:ec2:us-east-1:337909786260:subnet/subnet-09db92a0d7f7916b2",
            "assign_ipv6_address_on_creation": false,
            "availability_zone": "us-east-1c",
            "availability_zone_id": "use1-az4",
            "cidr_block": "10.0.11.0/24",
            "customer_owned_ipv4_pool": "",
            "enable_dns64": false,
            "enable_lni_at_device_index": 0,
            "enable_resource_name_dns_a_record_on_launch": false,
            "enable_resource_name_dns_aaaa_record_on_launch": false,
            "id": "subnet-09db92a0d7f7916b2",
            "ipv6_cidr_block": "",
            "ipv6_cidr_block_association_id": "",
            "ipv6_native": false,
            "map_customer_owned_ip_on_launch": false,
            "map_public_ip_on_launch": false,
            "outpost_arn": "",
            "owner_id": "337909786260",
            "private_dns_hostname_type_on_launch": "ip-name",
            "tags": {
              "Name": "PrivateSubnet-9-AZ3"
            },
            "tags_all": {
              "Name": "PrivateSubnet-9-AZ3"
            },
            "timeouts": null,
            "vpc_id": "vpc-0555192a11f88639b"
          },
          "sensitive_attributes": [],
          "private": "eyJlMmJmYjczMC1lY2FhLTExZTYtOGY4OC0zNDM2M2JjN2M0YzAiOnsiY3JlYXRlIjo2MDAwMDAwMDAwMDAsImRlbGV0ZSI6MTIwMDAwMDAwMDAwMH0sInNjaGVtYV92ZXJzaW9uIjoiMSJ9",
          "dependencies": [
            "module.parameters_inclusion.aws_vpc.main",
            "module.parameters_inclusion.data.aws_availability_zones.available"
          ]
        }
      ]
    },
    {
      "module": "module.parameters_inclusion",
      "mode": "managed",
      "type": "aws_subnet",
      "name": "public_subnet",
      "provider": "module.parameters_inclusion.provider[\"registry.terraform.io/hashicorp/aws\"]",
      "instances": [
        {
          "index_key": 0,
          "schema_version": 1,
          "attributes": {
            "arn": "arn:aws:ec2:us-east-1:337909786260:subnet/subnet-02615cf4b62ad101a",
            "assign_ipv6_address_on_creation": false,
            "availability_zone": "us-east-1a",
            "availability_zone_id": "use1-az1",
            "cidr_block": "10.0.1.0/24",
            "customer_owned_ipv4_pool": "",
            "enable_dns64": false,
            "enable_lni_at_device_index": 0,
            "enable_resource_name_dns_a_record_on_launch": false,
            "enable_resource_name_dns_aaaa_record_on_launch": false,
            "id": "subnet-02615cf4b62ad101a",
            "ipv6_cidr_block": "",
            "ipv6_cidr_block_association_id": "",
            "ipv6_native": false,
            "map_customer_owned_ip_on_launch": false,
            "map_public_ip_on_launch": true,
            "outpost_arn": "",
            "owner_id": "337909786260",
            "private_dns_hostname_type_on_launch": "ip-name",
            "tags": {
              "Name": "PublicSubnet-AZ1"
            },
            "tags_all": {
              "Name": "PublicSubnet-AZ1"
            },
            "timeouts": null,
            "vpc_id": "vpc-0555192a11f88639b"
          },
          "sensitive_attributes": [],
          "private": "eyJlMmJmYjczMC1lY2FhLTExZTYtOGY4OC0zNDM2M2JjN2M0YzAiOnsiY3JlYXRlIjo2MDAwMDAwMDAwMDAsImRlbGV0ZSI6MTIwMDAwMDAwMDAwMH0sInNjaGVtYV92ZXJzaW9uIjoiMSJ9",
          "dependencies": [
            "module.parameters_inclusion.aws_vpc.main",
            "module.parameters_inclusion.data.aws_availability_zones.available"
          ]
        },
        {
          "index_key": 1,
          "schema_version": 1,
          "attributes": {
            "arn": "arn:aws:ec2:us-east-1:337909786260:subnet/subnet-0d6cc221bab7a5343",
            "assign_ipv6_address_on_creation": false,
            "availability_zone": "us-east-1b",
            "availability_zone_id": "use1-az2",
            "cidr_block": "10.0.2.0/24",
            "customer_owned_ipv4_pool": "",
            "enable_dns64": false,
            "enable_lni_at_device_index": 0,
            "enable_resource_name_dns_a_record_on_launch": false,
            "enable_resource_name_dns_aaaa_record_on_launch": false,
            "id": "subnet-0d6cc221bab7a5343",
            "ipv6_cidr_block": "",
            "ipv6_cidr_block_association_id": "",
            "ipv6_native": false,
            "map_customer_owned_ip_on_launch": false,
            "map_public_ip_on_launch": true,
            "outpost_arn": "",
            "owner_id": "337909786260",
            "private_dns_hostname_type_on_launch": "ip-name",
            "tags": {
              "Name": "PublicSubnet-AZ2"
            },
            "tags_all": {
              "Name": "PublicSubnet-AZ2"
            },
            "timeouts": null,
            "vpc_id": "vpc-0555192a11f88639b"
          },
          "sensitive_attributes": [],
          "private": "eyJlMmJmYjczMC1lY2FhLTExZTYtOGY4OC0zNDM2M2JjN2M0YzAiOnsiY3JlYXRlIjo2MDAwMDAwMDAwMDAsImRlbGV0ZSI6MTIwMDAwMDAwMDAwMH0sInNjaGVtYV92ZXJzaW9uIjoiMSJ9",
          "dependencies": [
            "module.parameters_inclusion.aws_vpc.main",
            "module.parameters_inclusion.data.aws_availability_zones.available"
          ]
        },
        {
          "index_key": 2,
          "schema_version": 1,
          "attributes": {
            "arn": "arn:aws:ec2:us-east-1:337909786260:subnet/subnet-09f9cacee2bece732",
            "assign_ipv6_address_on_creation": false,
            "availability_zone": "us-east-1c",
            "availability_zone_id": "use1-az4",
            "cidr_block": "10.0.12.0/24",
            "customer_owned_ipv4_pool": "",
            "enable_dns64": false,
            "enable_lni_at_device_index": 0,
            "enable_resource_name_dns_a_record_on_launch": false,
            "enable_resource_name_dns_aaaa_record_on_launch": false,
            "id": "subnet-09f9cacee2bece732",
            "ipv6_cidr_block": "",
            "ipv6_cidr_block_association_id": "",
            "ipv6_native": false,
            "map_customer_owned_ip_on_launch": false,
            "map_public_ip_on_launch": true,
            "outpost_arn": "",
            "owner_id": "337909786260",
            "private_dns_hostname_type_on_launch": "ip-name",
            "tags": {
              "Name": "PublicSubnet-AZ3"
            },
            "tags_all": {
              "Name": "PublicSubnet-AZ3"
            },
            "timeouts": null,
            "vpc_id": "vpc-0555192a11f88639b"
          },
          "sensitive_attributes": [],
          "private": "eyJlMmJmYjczMC1lY2FhLTExZTYtOGY4OC0zNDM2M2JjN2M0YzAiOnsiY3JlYXRlIjo2MDAwMDAwMDAwMDAsImRlbGV0ZSI6MTIwMDAwMDAwMDAwMH0sInNjaGVtYV92ZXJzaW9uIjoiMSJ9",
          "dependencies": [
            "module.parameters_inclusion.aws_vpc.main",
            "module.parameters_inclusion.data.aws_availability_zones.available"
          ]
        }
      ]
    },
    {
      "module": "module.parameters_inclusion",
      "mode": "managed",
      "type": "aws_vpc",
      "name": "main",
      "provider": "module.parameters_inclusion.provider[\"registry.terraform.io/hashicorp/aws\"]",
      "instances": [
        {
          "schema_version": 1,
          "attributes": {
            "arn": "arn:aws:ec2:us-east-1:337909786260:vpc/vpc-0555192a11f88639b",
            "assign_generated_ipv6_cidr_block": false,
            "cidr_block": "10.0.0.0/16",
            "default_network_acl_id": "acl-076b02f61129a9745",
            "default_route_table_id": "rtb-012226de1833f22ca",
            "default_security_group_id": "sg-0fb486f751c19b7bd",
            "dhcp_options_id": "dopt-0bab13963592241a7",
            "enable_dns_hostnames": false,
            "enable_dns_support": true,
            "enable_network_address_usage_metrics": false,
            "id": "vpc-0555192a11f88639b",
            "instance_tenancy": "default",
            "ipv4_ipam_pool_id": null,
            "ipv4_netmask_length": null,
            "ipv6_association_id": "",
            "ipv6_cidr_block": "",
            "ipv6_cidr_block_network_border_group": "",
            "ipv6_ipam_pool_id": "",
            "ipv6_netmask_length": 0,
            "main_route_table_id": "rtb-012226de1833f22ca",
            "owner_id": "337909786260",
            "tags": {
              "Name": "MainVPC"
            },
            "tags_all": {
              "Name": "MainVPC"
            }
          },
          "sensitive_attributes": [],
          "private": "eyJzY2hlbWFfdmVyc2lvbiI6IjEifQ=="
        }
      ]
    },
    {
      "module": "module.parameters_inclusion",
      "mode": "managed",
      "type": "aws_vpn_connection",
      "name": "example",
      "provider": "module.parameters_inclusion.provider[\"registry.terraform.io/hashicorp/aws\"]",
      "instances": [
        {
          "schema_version": 0,
          "attributes": {
            "arn": "arn:aws:ec2:us-east-1:337909786260:vpn-connection/vpn-0d0aeb74d1a1d5a0f",
            "core_network_arn": "",
            "core_network_attachment_arn": "",
            "customer_gateway_configuration": "\u003c?xml version=\"1.0\" encoding=\"UTF-8\"?\u003e\n\u003cvpn_connection id=\"vpn-0d0aeb74d1a1d5a0f\"\u003e\n  \u003ccustomer_gateway_id\u003ecgw-00ab5d10e6ad86269\u003c/customer_gateway_id\u003e\n  \u003cvpn_gateway_id\u003evgw-0a18f1794837d7409\u003c/vpn_gateway_id\u003e\n  \u003cvpn_connection_type\u003eipsec.1\u003c/vpn_connection_type\u003e\n  \u003cipsec_tunnel\u003e\n    \u003ccustomer_gateway\u003e\n      \u003ctunnel_outside_address\u003e\n        \u003cip_address\u003e203.0.113.12\u003c/ip_address\u003e\n      \u003c/tunnel_outside_address\u003e\n      \u003ctunnel_inside_address\u003e\n        \u003cip_address\u003e169.254.17.194\u003c/ip_address\u003e\n        \u003cnetwork_mask\u003e255.255.255.252\u003c/network_mask\u003e\n        \u003cnetwork_cidr\u003e30\u003c/network_cidr\u003e\n      \u003c/tunnel_inside_address\u003e\n      \u003cbgp\u003e\n        \u003casn\u003e65000\u003c/asn\u003e\n        \u003chold_time\u003e30\u003c/hold_time\u003e\n      \u003c/bgp\u003e\n    \u003c/customer_gateway\u003e\n    \u003cvpn_gateway\u003e\n      \u003ctunnel_outside_address\u003e\n        \u003cip_address\u003e18.211.5.55\u003c/ip_address\u003e\n      \u003c/tunnel_outside_address\u003e\n      \u003ctunnel_inside_address\u003e\n        \u003cip_address\u003e169.254.17.193\u003c/ip_address\u003e\n        \u003cnetwork_mask\u003e255.255.255.252\u003c/network_mask\u003e\n        \u003cnetwork_cidr\u003e30\u003c/network_cidr\u003e\n      \u003c/tunnel_inside_address\u003e\n      \u003cbgp\u003e\n        \u003casn\u003e64512\u003c/asn\u003e\n        \u003chold_time\u003e30\u003c/hold_time\u003e\n      \u003c/bgp\u003e\n    \u003c/vpn_gateway\u003e\n    \u003cike\u003e\n      \u003cauthentication_protocol\u003esha1\u003c/authentication_protocol\u003e\n      \u003cencryption_protocol\u003eaes-128-cbc\u003c/encryption_protocol\u003e\n      \u003clifetime\u003e28800\u003c/lifetime\u003e\n      \u003cperfect_forward_secrecy\u003egroup2\u003c/perfect_forward_secrecy\u003e\n      \u003cmode\u003emain\u003c/mode\u003e\n      \u003cpre_shared_key\u003eIPxofQBIIRfnMNdHyk2ROqWpl7ymSSMH\u003c/pre_shared_key\u003e\n    \u003c/ike\u003e\n    \u003cipsec\u003e\n      \u003cprotocol\u003eesp\u003c/protocol\u003e\n      \u003cauthentication_protocol\u003ehmac-sha1-96\u003c/authentication_protocol\u003e\n      \u003cencryption_protocol\u003eaes-128-cbc\u003c/encryption_protocol\u003e\n      \u003clifetime\u003e3600\u003c/lifetime\u003e\n      \u003cperfect_forward_secrecy\u003egroup2\u003c/perfect_forward_secrecy\u003e\n      \u003cmode\u003etunnel\u003c/mode\u003e\n      \u003cclear_df_bit\u003etrue\u003c/clear_df_bit\u003e\n      \u003cfragmentation_before_encryption\u003etrue\u003c/fragmentation_before_encryption\u003e\n      \u003ctcp_mss_adjustment\u003e1379\u003c/tcp_mss_adjustment\u003e\n      \u003cdead_peer_detection\u003e\n        \u003cinterval\u003e10\u003c/interval\u003e\n        \u003cretries\u003e3\u003c/retries\u003e\n      \u003c/dead_peer_detection\u003e\n    \u003c/ipsec\u003e\n  \u003c/ipsec_tunnel\u003e\n  \u003cipsec_tunnel\u003e\n    \u003ccustomer_gateway\u003e\n      \u003ctunnel_outside_address\u003e\n        \u003cip_address\u003e203.0.113.12\u003c/ip_address\u003e\n      \u003c/tunnel_outside_address\u003e\n      \u003ctunnel_inside_address\u003e\n        \u003cip_address\u003e169.254.231.230\u003c/ip_address\u003e\n        \u003cnetwork_mask\u003e255.255.255.252\u003c/network_mask\u003e\n        \u003cnetwork_cidr\u003e30\u003c/network_cidr\u003e\n      \u003c/tunnel_inside_address\u003e\n      \u003cbgp\u003e\n        \u003casn\u003e65000\u003c/asn\u003e\n        \u003chold_time\u003e30\u003c/hold_time\u003e\n      \u003c/bgp\u003e\n    \u003c/customer_gateway\u003e\n    \u003cvpn_gateway\u003e\n      \u003ctunnel_outside_address\u003e\n        \u003cip_address\u003e54.157.85.94\u003c/ip_address\u003e\n      \u003c/tunnel_outside_address\u003e\n      \u003ctunnel_inside_address\u003e\n        \u003cip_address\u003e169.254.231.229\u003c/ip_address\u003e\n        \u003cnetwork_mask\u003e255.255.255.252\u003c/network_mask\u003e\n        \u003cnetwork_cidr\u003e30\u003c/network_cidr\u003e\n      \u003c/tunnel_inside_address\u003e\n      \u003cbgp\u003e\n        \u003casn\u003e64512\u003c/asn\u003e\n        \u003chold_time\u003e30\u003c/hold_time\u003e\n      \u003c/bgp\u003e\n    \u003c/vpn_gateway\u003e\n    \u003cike\u003e\n      \u003cauthentication_protocol\u003esha1\u003c/authentication_protocol\u003e\n      \u003cencryption_protocol\u003eaes-128-cbc\u003c/encryption_protocol\u003e\n      \u003clifetime\u003e28800\u003c/lifetime\u003e\n      \u003cperfect_forward_secrecy\u003egroup2\u003c/perfect_forward_secrecy\u003e\n      \u003cmode\u003emain\u003c/mode\u003e\n      \u003cpre_shared_key\u003eJvwn.skZgCK9VPdJKkp6ZLkpr8hASXFw\u003c/pre_shared_key\u003e\n    \u003c/ike\u003e\n    \u003cipsec\u003e\n      \u003cprotocol\u003eesp\u003c/protocol\u003e\n      \u003cauthentication_protocol\u003ehmac-sha1-96\u003c/authentication_protocol\u003e\n      \u003cencryption_protocol\u003eaes-128-cbc\u003c/encryption_protocol\u003e\n      \u003clifetime\u003e3600\u003c/lifetime\u003e\n      \u003cperfect_forward_secrecy\u003egroup2\u003c/perfect_forward_secrecy\u003e\n      \u003cmode\u003etunnel\u003c/mode\u003e\n      \u003cclear_df_bit\u003etrue\u003c/clear_df_bit\u003e\n      \u003cfragmentation_before_encryption\u003etrue\u003c/fragmentation_before_encryption\u003e\n      \u003ctcp_mss_adjustment\u003e1379\u003c/tcp_mss_adjustment\u003e\n      \u003cdead_peer_detection\u003e\n        \u003cinterval\u003e10\u003c/interval\u003e\n        \u003cretries\u003e3\u003c/retries\u003e\n      \u003c/dead_peer_detection\u003e\n    \u003c/ipsec\u003e\n  \u003c/ipsec_tunnel\u003e\n\u003c/vpn_connection\u003e\n",
            "customer_gateway_id": "cgw-00ab5d10e6ad86269",
            "enable_acceleration": false,
            "id": "vpn-0d0aeb74d1a1d5a0f",
            "local_ipv4_network_cidr": "0.0.0.0/0",
            "local_ipv6_network_cidr": "",
            "outside_ip_address_type": "PublicIpv4",
            "remote_ipv4_network_cidr": "0.0.0.0/0",
            "remote_ipv6_network_cidr": "",
            "routes": [],
            "static_routes_only": false,
            "tags": {
              "Name": "VPNConnection"
            },
            "tags_all": {
              "Name": "VPNConnection"
            },
            "transit_gateway_attachment_id": "",
            "transit_gateway_id": "",
            "transport_transit_gateway_attachment_id": "",
            "tunnel1_address": "18.211.5.55",
            "tunnel1_bgp_asn": "64512",
            "tunnel1_bgp_holdtime": 30,
            "tunnel1_cgw_inside_address": "169.254.17.194",
            "tunnel1_dpd_timeout_action": "",
            "tunnel1_dpd_timeout_seconds": 0,
            "tunnel1_enable_tunnel_lifecycle_control": false,
            "tunnel1_ike_versions": null,
            "tunnel1_inside_cidr": "169.254.17.192/30",
            "tunnel1_inside_ipv6_cidr": "",
            "tunnel1_log_options": [
              {
                "cloudwatch_log_options": [
                  {
                    "log_enabled": false,
                    "log_group_arn": "",
                    "log_output_format": ""
                  }
                ]
              }
            ],
            "tunnel1_phase1_dh_group_numbers": null,
            "tunnel1_phase1_encryption_algorithms": null,
            "tunnel1_phase1_integrity_algorithms": null,
            "tunnel1_phase1_lifetime_seconds": 0,
            "tunnel1_phase2_dh_group_numbers": null,
            "tunnel1_phase2_encryption_algorithms": null,
            "tunnel1_phase2_integrity_algorithms": null,
            "tunnel1_phase2_lifetime_seconds": 0,
            "tunnel1_preshared_key": "IPxofQBIIRfnMNdHyk2ROqWpl7ymSSMH",
            "tunnel1_rekey_fuzz_percentage": 0,
            "tunnel1_rekey_margin_time_seconds": 0,
            "tunnel1_replay_window_size": 0,
            "tunnel1_startup_action": "",
            "tunnel1_vgw_inside_address": "169.254.17.193",
            "tunnel2_address": "54.157.85.94",
            "tunnel2_bgp_asn": "64512",
            "tunnel2_bgp_holdtime": 30,
            "tunnel2_cgw_inside_address": "169.254.231.230",
            "tunnel2_dpd_timeout_action": "",
            "tunnel2_dpd_timeout_seconds": 0,
            "tunnel2_enable_tunnel_lifecycle_control": false,
            "tunnel2_ike_versions": null,
            "tunnel2_inside_cidr": "169.254.231.228/30",
            "tunnel2_inside_ipv6_cidr": "",
            "tunnel2_log_options": [
              {
                "cloudwatch_log_options": [
                  {
                    "log_enabled": false,
                    "log_group_arn": "",
                    "log_output_format": ""
                  }
                ]
              }
            ],
            "tunnel2_phase1_dh_group_numbers": null,
            "tunnel2_phase1_encryption_algorithms": null,
            "tunnel2_phase1_integrity_algorithms": null,
            "tunnel2_phase1_lifetime_seconds": 0,
            "tunnel2_phase2_dh_group_numbers": null,
            "tunnel2_phase2_encryption_algorithms": null,
            "tunnel2_phase2_integrity_algorithms": null,
            "tunnel2_phase2_lifetime_seconds": 0,
            "tunnel2_preshared_key": "Jvwn.skZgCK9VPdJKkp6ZLkpr8hASXFw",
            "tunnel2_rekey_fuzz_percentage": 0,
            "tunnel2_rekey_margin_time_seconds": 0,
            "tunnel2_replay_window_size": 0,
            "tunnel2_startup_action": "",
            "tunnel2_vgw_inside_address": "169.254.231.229",
            "tunnel_inside_ip_version": "ipv4",
            "type": "ipsec.1",
            "vgw_telemetry": [
              {
                "accepted_route_count": 0,
                "certificate_arn": "",
                "last_status_change": "2024-11-26T04:52:18Z",
                "outside_ip_address": "18.211.5.55",
                "status": "DOWN",
                "status_message": "IPSEC IS DOWN"
              },
              {
                "accepted_route_count": 0,
                "certificate_arn": "",
                "last_status_change": "2024-11-26T04:52:18Z",
                "outside_ip_address": "54.157.85.94",
                "status": "DOWN",
                "status_message": "IPSEC IS DOWN"
              }
            ],
            "vpn_gateway_id": "vgw-0a18f1794837d7409"
          },
          "sensitive_attributes": [
            [
              {
                "type": "get_attr",
                "value": "tunnel1_preshared_key"
              }
            ],
            [
              {
                "type": "get_attr",
                "value": "customer_gateway_configuration"
              }
            ],
            [
              {
                "type": "get_attr",
                "value": "tunnel2_preshared_key"
              }
            ]
          ],
          "private": "bnVsbA==",
          "dependencies": [
            "module.parameters_inclusion.aws_customer_gateway.example",
            "module.parameters_inclusion.aws_vpc.main",
            "module.parameters_inclusion.aws_vpn_gateway.vpn"
          ]
        }
      ]
    },
    {
      "module": "module.parameters_inclusion",
      "mode": "managed",
      "type": "aws_vpn_gateway",
      "name": "vpn",
      "provider": "module.parameters_inclusion.provider[\"registry.terraform.io/hashicorp/aws\"]",
      "instances": [
        {
          "schema_version": 0,
          "attributes": {
            "amazon_side_asn": "64512",
            "arn": "arn:aws:ec2:us-east-1:337909786260:vpn-gateway/vgw-0a18f1794837d7409",
            "availability_zone": null,
            "id": "vgw-0a18f1794837d7409",
            "tags": {
              "Name": "MainVPNGateway"
            },
            "tags_all": {
              "Name": "MainVPNGateway"
            },
            "vpc_id": "vpc-0555192a11f88639b"
          },
          "sensitive_attributes": [],
          "private": "bnVsbA==",
          "dependencies": [
            "module.parameters_inclusion.aws_vpc.main"
          ]
        }
      ]
    }
  ],
  "check_results": null
}
